// !$*UTF8*$!
{
	archiveVersion = 1;
	classes = {
	};
	objectVersion = 48;
	objects = {

/* Begin PBXBuildFile section */
		54C44D582A3C4E40169E34FE /* Pods_AttendanceAppUnitTests.framework in Frameworks */ = {isa = PBXBuildFile; fileRef = 3922F4EF85785A4CD55E2410 /* Pods_AttendanceAppUnitTests.framework */; };
		575495532CCA2AC12DFC9BE3 /* Pods_AttendanceApp.framework in Frameworks */ = {isa = PBXBuildFile; fileRef = 02E533D6E95C9595418FD1C4 /* Pods_AttendanceApp.framework */; };
		7C4FE48D2297FF4D0064A491 /* DelegatesAPIController.swift in Sources */ = {isa = PBXBuildFile; fileRef = 7C4FE48C2297FF4D0064A491 /* DelegatesAPIController.swift */; };
		7C55BA5A242A8DFB005BF038 /* SettingsJourney.swift in Sources */ = {isa = PBXBuildFile; fileRef = 7C55BA59242A8DFB005BF038 /* SettingsJourney.swift */; };
		7C55BA5D242A903D005BF038 /* RoomsViewControllerFactory.swift in Sources */ = {isa = PBXBuildFile; fileRef = 7C55BA5C242A903D005BF038 /* RoomsViewControllerFactory.swift */; };
		7C55BA5F242A9076005BF038 /* MainStoryboardFactory.swift in Sources */ = {isa = PBXBuildFile; fileRef = 7C55BA5E242A9076005BF038 /* MainStoryboardFactory.swift */; };
		7C55BA62242AA43D005BF038 /* BlocksViewControllerFactory.swift in Sources */ = {isa = PBXBuildFile; fileRef = 7C55BA61242AA43D005BF038 /* BlocksViewControllerFactory.swift */; };
		7C55BA65242AB594005BF038 /* DatesViewControllerFactory.swift in Sources */ = {isa = PBXBuildFile; fileRef = 7C55BA64242AB594005BF038 /* DatesViewControllerFactory.swift */; };
		7C592BF9242BC1C500294E71 /* RoomRepositoryTest.swift in Sources */ = {isa = PBXBuildFile; fileRef = 7C592BF8242BC1C500294E71 /* RoomRepositoryTest.swift */; };
		7C592BFB242BD32300294E71 /* IBlock.swift in Sources */ = {isa = PBXBuildFile; fileRef = 7C592BFA242BD32300294E71 /* IBlock.swift */; };
		7C592BFE242BDC1900294E71 /* Blocks.json in Resources */ = {isa = PBXBuildFile; fileRef = 7C592BFD242BDC1900294E71 /* Blocks.json */; };
		7C592C00242BDD0600294E71 /* Rooms.json in Resources */ = {isa = PBXBuildFile; fileRef = 7C592BFF242BDD0600294E71 /* Rooms.json */; };
		7C5DEBE222E871380058ED6B /* Images.xcassets in Resources */ = {isa = PBXBuildFile; fileRef = 7C5DEBE122E871380058ED6B /* Images.xcassets */; };
		7C640B64242C99BD004A9D58 /* JsonBundleDataProvider.swift in Sources */ = {isa = PBXBuildFile; fileRef = 7C640B63242C99BD004A9D58 /* JsonBundleDataProvider.swift */; };
		7C7F4FEE228B5AFC00379EBD /* WebReportedCode.swift in Sources */ = {isa = PBXBuildFile; fileRef = 7C7F4FED228B5AFC00379EBD /* WebReportedCode.swift */; };
		7C855DA4229C078A00E4C985 /* RealmDelegatesSessionValidation.swift in Sources */ = {isa = PBXBuildFile; fileRef = 7C855DA3229C078A00E4C985 /* RealmDelegatesSessionValidation.swift */; };
		7C93C9DF2276ED4E00D44A52 /* DatesVC.swift in Sources */ = {isa = PBXBuildFile; fileRef = 7C93C9DE2276ED4E00D44A52 /* DatesVC.swift */; };
		7C93C9E1227704DC00D44A52 /* DatesViewModel.swift in Sources */ = {isa = PBXBuildFile; fileRef = 7C93C9E0227704DC00D44A52 /* DatesViewModel.swift */; };
		7C93C9EA227CA65A00D44A52 /* AutoSessionTimer.swift in Sources */ = {isa = PBXBuildFile; fileRef = 7C93C9E9227CA65A00D44A52 /* AutoSessionTimer.swift */; };
		7CAA2A4C243131D400CA184F /* IBlockProvider.swift in Sources */ = {isa = PBXBuildFile; fileRef = 7CAA2A4B243131D400CA184F /* IBlockProvider.swift */; };
		7CAA2A4E2431332200CA184F /* BlockProviderWorker.swift in Sources */ = {isa = PBXBuildFile; fileRef = 7CAA2A4D2431332200CA184F /* BlockProviderWorker.swift */; };
		7CAA2A512431337D00CA184F /* IRoomsProviderWorker.swift in Sources */ = {isa = PBXBuildFile; fileRef = 7CAA2A502431337D00CA184F /* IRoomsProviderWorker.swift */; };
		7CAA2A53243133FD00CA184F /* RoomProviderWorker.swift in Sources */ = {isa = PBXBuildFile; fileRef = 7CAA2A52243133FD00CA184F /* RoomProviderWorker.swift */; };
		7CAE889722E87EF100632EAC /* Launch Screen.xib in Resources */ = {isa = PBXBuildFile; fileRef = 7CAE889622E87EF100632EAC /* Launch Screen.xib */; };
		7CB1E44822982DC5008C23F8 /* Delegate.swift in Sources */ = {isa = PBXBuildFile; fileRef = 7CB1E44722982DC5008C23F8 /* Delegate.swift */; };
		7CB1E44E22983107008C23F8 /* RealmDelegatesPersister.swift in Sources */ = {isa = PBXBuildFile; fileRef = 7CB1E44D22983107008C23F8 /* RealmDelegatesPersister.swift */; };
		7CB1E453229832E5008C23F8 /* RealmBlock.swift in Sources */ = {isa = PBXBuildFile; fileRef = 7CB1E452229832E5008C23F8 /* RealmBlock.swift */; };
		7CB1E45522983331008C23F8 /* RealmDelegate.swift in Sources */ = {isa = PBXBuildFile; fileRef = 7CB1E45422983331008C23F8 /* RealmDelegate.swift */; };
		7CB3DA58228C030600E29DA5 /* WebReportedCodesVC.swift in Sources */ = {isa = PBXBuildFile; fileRef = 7CB3DA57228C030600E29DA5 /* WebReportedCodesVC.swift */; };
		7CB7D557225DF966007B9BB0 /* AppDelegate.swift in Sources */ = {isa = PBXBuildFile; fileRef = 7CB7D556225DF965007B9BB0 /* AppDelegate.swift */; };
		7CBDC28222D8A91100B7D43F /* BarcodeCaptureSettingsProviding.swift in Sources */ = {isa = PBXBuildFile; fileRef = 7CBDC28122D8A91100B7D43F /* BarcodeCaptureSettingsProviding.swift */; };
		7CBDC28422D8C07700B7D43F /* ScanningImplementations.swift in Sources */ = {isa = PBXBuildFile; fileRef = 7CBDC28322D8C07700B7D43F /* ScanningImplementations.swift */; };
		7CBDC28722D8C8C000B7D43F /* ScanningProtocols.swift in Sources */ = {isa = PBXBuildFile; fileRef = 7CBDC28622D8C8C000B7D43F /* ScanningProtocols.swift */; };
		7CC796E6242D022800ECD1E5 /* RoomFactory.swift in Sources */ = {isa = PBXBuildFile; fileRef = 7CC796E5242D022800ECD1E5 /* RoomFactory.swift */; };
		7CC796E9242D06FB00ECD1E5 /* BlockFactory.swift in Sources */ = {isa = PBXBuildFile; fileRef = 7CC796E8242D06FB00ECD1E5 /* BlockFactory.swift */; };
		7CCAE51722AFD3A5006B9A92 /* RealmInvalidAttedanceReportPersister.swift in Sources */ = {isa = PBXBuildFile; fileRef = 7CCAE51622AFD3A5006B9A92 /* RealmInvalidAttedanceReportPersister.swift */; };
		7CD2C829228D7CD9006DA60C /* JsonFromBundleParser.swift in Sources */ = {isa = PBXBuildFile; fileRef = 7CD2C828228D7CD9006DA60C /* JsonFromBundleParser.swift */; };
		7CD3F7112428DC0F001272D1 /* NavusLicenseBarcodeCaptureSettingsProvider.swift in Sources */ = {isa = PBXBuildFile; fileRef = 7CD3F7102428DC0F001272D1 /* NavusLicenseBarcodeCaptureSettingsProvider.swift */; };
		7CD3F7132428DC70001272D1 /* BarcodeCaptureSettingsProvider.swift in Sources */ = {isa = PBXBuildFile; fileRef = 7CD3F7122428DC70001272D1 /* BarcodeCaptureSettingsProvider.swift */; };
		7CD6D5A722A555FB0077D80F /* SyncAPIKey.swift in Sources */ = {isa = PBXBuildFile; fileRef = 7CD6D5A622A555FB0077D80F /* SyncAPIKey.swift */; };
		7CD6D5A922A5A78A0077D80F /* ConferenceApiKeyState.swift in Sources */ = {isa = PBXBuildFile; fileRef = 7CD6D5A822A5A78A0077D80F /* ConferenceApiKeyState.swift */; };
		7CD6D5AB22A5A8150077D80F /* DownloadResourcesState.swift in Sources */ = {isa = PBXBuildFile; fileRef = 7CD6D5AA22A5A8150077D80F /* DownloadResourcesState.swift */; };
		7CE63ACC22A86324008E477B /* ConfIdApiKeyAuthState.swift in Sources */ = {isa = PBXBuildFile; fileRef = 7CE63ACB22A86324008E477B /* ConfIdApiKeyAuthState.swift */; };
		7CE63ACE22A86358008E477B /* ConfIdApiKeyAuthSupplying.swift in Sources */ = {isa = PBXBuildFile; fileRef = 7CE63ACD22A86358008E477B /* ConfIdApiKeyAuthSupplying.swift */; };
		7CE8153B2273471200B33986 /* SoundManager.swift in Sources */ = {isa = PBXBuildFile; fileRef = 7CE8153A2273471200B33986 /* SoundManager.swift */; };
		7CE8153F227347A600B33986 /* codeRejected.mp3 in Resources */ = {isa = PBXBuildFile; fileRef = 7CE8153D227347A600B33986 /* codeRejected.mp3 */; };
		7CE81540227347A600B33986 /* codeSuccess.mp3 in Resources */ = {isa = PBXBuildFile; fileRef = 7CE8153E227347A600B33986 /* codeSuccess.mp3 */; };
		7CEC6742242B6B0800CC56FF /* RoomRepository.swift in Sources */ = {isa = PBXBuildFile; fileRef = 7CEC6741242B6B0800CC56FF /* RoomRepository.swift */; };
		7CEC6744242B6B3600CC56FF /* BlockRepository.swift in Sources */ = {isa = PBXBuildFile; fileRef = 7CEC6743242B6B3600CC56FF /* BlockRepository.swift */; };
		7CEC6746242B727F00CC56FF /* Date+Extension.swift in Sources */ = {isa = PBXBuildFile; fileRef = 7CEC6745242B727F00CC56FF /* Date+Extension.swift */; };
		7CED41B9226881E700FFB34E /* SessionReport.swift in Sources */ = {isa = PBXBuildFile; fileRef = 7CED41B8226881E700FFB34E /* SessionReport.swift */; };
		7CED41BC2268827700FFB34E /* CodeReport.swift in Sources */ = {isa = PBXBuildFile; fileRef = 7CED41BB2268827700FFB34E /* CodeReport.swift */; };
		7CEF97B8228DA98200C31CD8 /* cities.json in Resources */ = {isa = PBXBuildFile; fileRef = 7CEF97B7228DA98200C31CD8 /* cities.json */; };
		7CEF97BA228DAA1B00C31CD8 /* citiesUpdated.json in Resources */ = {isa = PBXBuildFile; fileRef = 7CEF97B9228DAA1B00C31CD8 /* citiesUpdated.json */; };
		7CEF97BE228DAD0100C31CD8 /* roomsUpdated.json in Resources */ = {isa = PBXBuildFile; fileRef = 7CEF97BD228DAD0100C31CD8 /* roomsUpdated.json */; };
		7CEF97C0228DAD1300C31CD8 /* rooms.json in Resources */ = {isa = PBXBuildFile; fileRef = 7CEF97BF228DAD1300C31CD8 /* rooms.json */; };
		7CFDEC4F242CB8190060A2C7 /* BlockRepositoryTest.swift in Sources */ = {isa = PBXBuildFile; fileRef = 7CFDEC4E242CB8190060A2C7 /* BlockRepositoryTest.swift */; };
		7CFDEC51242CBC240060A2C7 /* RealmBlockFactory.swift in Sources */ = {isa = PBXBuildFile; fileRef = 7CFDEC50242CBC240060A2C7 /* RealmBlockFactory.swift */; };
		7CFDEC53242CC1D00060A2C7 /* RealmRoomFactory.swift in Sources */ = {isa = PBXBuildFile; fileRef = 7CFDEC52242CC1D00060A2C7 /* RealmRoomFactory.swift */; };
		7CFDEC55242CC6C50060A2C7 /* IRoom.swift in Sources */ = {isa = PBXBuildFile; fileRef = 7CFDEC54242CC6C50060A2C7 /* IRoom.swift */; };
		7CFDEC57242CC6DA0060A2C7 /* RealmRoom.swift in Sources */ = {isa = PBXBuildFile; fileRef = 7CFDEC56242CC6DA0060A2C7 /* RealmRoom.swift */; };
		7CFDEC5A242CD01A0060A2C7 /* BlocksFromJsonFileLoader.swift in Sources */ = {isa = PBXBuildFile; fileRef = 7CFDEC59242CD01A0060A2C7 /* BlocksFromJsonFileLoader.swift */; };
		7CFDEC5C242CD0A20060A2C7 /* RoomsFromJsonFileLoader.swift in Sources */ = {isa = PBXBuildFile; fileRef = 7CFDEC5B242CD0A20060A2C7 /* RoomsFromJsonFileLoader.swift */; };
		7CFDEC5F242CD47D0060A2C7 /* SaveRoomsToRealmExplicitelyHelper.swift in Sources */ = {isa = PBXBuildFile; fileRef = 7CFDEC5E242CD47D0060A2C7 /* SaveRoomsToRealmExplicitelyHelper.swift */; };
		7CFDEC61242CD4E00060A2C7 /* SaveBlocksToRealmExplicitelyHelper.swift in Sources */ = {isa = PBXBuildFile; fileRef = 7CFDEC60242CD4E00060A2C7 /* SaveBlocksToRealmExplicitelyHelper.swift */; };
		AD191487218EEFC000CD5B2F /* CodesDumper.swift in Sources */ = {isa = PBXBuildFile; fileRef = AD191486218EEFC000CD5B2F /* CodesDumper.swift */; };
		AD191489218EF09300CD5B2F /* CodeReportState.swift in Sources */ = {isa = PBXBuildFile; fileRef = AD191488218EF09300CD5B2F /* CodeReportState.swift */; };
		AD24E305217F74D8008E35F8 /* ReachabilityManager.swift in Sources */ = {isa = PBXBuildFile; fileRef = AD24E304217F74D8008E35F8 /* ReachabilityManager.swift */; };
		AD24E30821806C3A008E35F8 /* WiFiConnectionView.xib in Resources */ = {isa = PBXBuildFile; fileRef = AD24E30721806C3A008E35F8 /* WiFiConnectionView.xib */; };
		AD24E30A21806C4A008E35F8 /* WiFiConnectionView.swift in Sources */ = {isa = PBXBuildFile; fileRef = AD24E30921806C4A008E35F8 /* WiFiConnectionView.swift */; };
		AD24E30C21807243008E35F8 /* ModelStructsAndNamespaces.swift in Sources */ = {isa = PBXBuildFile; fileRef = AD24E30B21807243008E35F8 /* ModelStructsAndNamespaces.swift */; };
		AD28F6F12182122200A41BB8 /* RxExtensions.swift in Sources */ = {isa = PBXBuildFile; fileRef = AD28F6F02182122200A41BB8 /* RxExtensions.swift */; };
		AD295222217B5B24002DDE32 /* Model.swift in Sources */ = {isa = PBXBuildFile; fileRef = AD29521D217B5B23002DDE32 /* Model.swift */; };
		AD295223217B5B24002DDE32 /* AlwaysExtensions.swift in Sources */ = {isa = PBXBuildFile; fileRef = AD29521E217B5B23002DDE32 /* AlwaysExtensions.swift */; };
		AD295224217B5B24002DDE32 /* RoomsVC.swift in Sources */ = {isa = PBXBuildFile; fileRef = AD29521F217B5B23002DDE32 /* RoomsVC.swift */; };
		AD295225217B5B24002DDE32 /* APIController.swift in Sources */ = {isa = PBXBuildFile; fileRef = AD295220217B5B24002DDE32 /* APIController.swift */; };
		AD295227217B5C64002DDE32 /* Main.storyboard in Resources */ = {isa = PBXBuildFile; fileRef = AD295226217B5C64002DDE32 /* Main.storyboard */; };
		AD29522D217B5EB0002DDE32 /* RoomViewModel.swift in Sources */ = {isa = PBXBuildFile; fileRef = AD29522C217B5EB0002DDE32 /* RoomViewModel.swift */; };
		AD2C3A1321B67D0F00E8A319 /* DataAccess.swift in Sources */ = {isa = PBXBuildFile; fileRef = AD2C3A1221B67D0F00E8A319 /* DataAccess.swift */; };
		AD4CC2DA21A5770A00222D5E /* Protocols.swift in Sources */ = {isa = PBXBuildFile; fileRef = AD4CC2D921A5770A00222D5E /* Protocols.swift */; };
		AD4DCF02218EFFCF0054527E /* GlobalFuncs.swift in Sources */ = {isa = PBXBuildFile; fileRef = AD4DCF01218EFFCF0054527E /* GlobalFuncs.swift */; };
		AD5814AF2189B1AC009C593F /* RealmCodeReport.swift in Sources */ = {isa = PBXBuildFile; fileRef = AD5814AE2189B1AC009C593F /* RealmCodeReport.swift */; };
		AD69206121A6AC0900E3C0F2 /* SettingsViewModel.swift in Sources */ = {isa = PBXBuildFile; fileRef = AD69206021A6AC0900E3C0F2 /* SettingsViewModel.swift */; };
		AD697BD221885AF2002BC579 /* RealmDataPersister.swift in Sources */ = {isa = PBXBuildFile; fileRef = AD697BD121885AF2002BC579 /* RealmDataPersister.swift */; };
		AD697BD52188623A002BC579 /* GlobalVars.swift in Sources */ = {isa = PBXBuildFile; fileRef = AD697BD42188623A002BC579 /* GlobalVars.swift */; };
		AD697BD821887CCE002BC579 /* ResourcesState.swift in Sources */ = {isa = PBXBuildFile; fileRef = AD697BD721887CCE002BC579 /* ResourcesState.swift */; };
		AD69BB6A2190948200EF80F9 /* UnsyncScansViewModel.swift in Sources */ = {isa = PBXBuildFile; fileRef = AD69BB692190948200EF80F9 /* UnsyncScansViewModel.swift */; };
		AD6C784B22551228003CAFF6 /* libz.tbd in Frameworks */ = {isa = PBXBuildFile; fileRef = AD6C784A22551228003CAFF6 /* libz.tbd */; };
		AD6C784D2255123A003CAFF6 /* libc++.tbd in Frameworks */ = {isa = PBXBuildFile; fileRef = AD6C784C2255123A003CAFF6 /* libc++.tbd */; };
		AD6C784F22551248003CAFF6 /* Accelerate.framework in Frameworks */ = {isa = PBXBuildFile; fileRef = AD6C784E22551248003CAFF6 /* Accelerate.framework */; };
		AD6C785122551255003CAFF6 /* libiconv.tbd in Frameworks */ = {isa = PBXBuildFile; fileRef = AD6C785022551255003CAFF6 /* libiconv.tbd */; };
		AD6C785322551379003CAFF6 /* MediaPlayer.framework in Frameworks */ = {isa = PBXBuildFile; fileRef = AD6C785222551379003CAFF6 /* MediaPlayer.framework */; };
		AD6F49A521AFE6410085D730 /* UserSelectionManager.swift in Sources */ = {isa = PBXBuildFile; fileRef = AD6F49A421AFE6410085D730 /* UserSelectionManager.swift */; };
		AD80EFFA217DCDEA003CEDD0 /* Room.swift in Sources */ = {isa = PBXBuildFile; fileRef = AD80EFF9217DCDEA003CEDD0 /* Room.swift */; };
		AD80EFFC217DCE27003CEDD0 /* Block.swift in Sources */ = {isa = PBXBuildFile; fileRef = AD80EFFB217DCE27003CEDD0 /* Block.swift */; };
		AD80EFFE217DD87D003CEDD0 /* ScannerVC.swift in Sources */ = {isa = PBXBuildFile; fileRef = AD80EFFD217DD87D003CEDD0 /* ScannerVC.swift */; };
		AD80F002217DE65C003CEDD0 /* ModelData.swift in Sources */ = {isa = PBXBuildFile; fileRef = AD80F001217DE65C003CEDD0 /* ModelData.swift */; };
		AD993AAF217B9D2000803BE2 /* BlocksVC.swift in Sources */ = {isa = PBXBuildFile; fileRef = AD993AAE217B9D2000803BE2 /* BlocksVC.swift */; };
		AD993AB3217BAA8800803BE2 /* BlockViewModel.swift in Sources */ = {isa = PBXBuildFile; fileRef = AD993AB2217BAA8800803BE2 /* BlockViewModel.swift */; };
		AD993AB5217BC6C000803BE2 /* SettingsVC.swift in Sources */ = {isa = PBXBuildFile; fileRef = AD993AB4217BC6C000803BE2 /* SettingsVC.swift */; };
		AD9FE5B221AEB17C00D6A4B6 /* BatteryStateManager.swift in Sources */ = {isa = PBXBuildFile; fileRef = AD9FE5B121AEB17C00D6A4B6 /* BatteryStateManager.swift */; };
		AD9FE5B421AEBA2C00D6A4B6 /* DeviceStateReporter.swift in Sources */ = {isa = PBXBuildFile; fileRef = AD9FE5B321AEBA2C00D6A4B6 /* DeviceStateReporter.swift */; };
		AD9FE5B621AEDE4700D6A4B6 /* AlertStateReporter.swift in Sources */ = {isa = PBXBuildFile; fileRef = AD9FE5B521AEDE4700D6A4B6 /* AlertStateReporter.swift */; };
		ADA47212217F458D0078530E /* ScannerViewModel.swift in Sources */ = {isa = PBXBuildFile; fileRef = ADA47211217F458D0078530E /* ScannerViewModel.swift */; };
		ADAE9C37218AFDB400615125 /* AlertWithRx.swift in Sources */ = {isa = PBXBuildFile; fileRef = ADAE9C36218AFDB400615125 /* AlertWithRx.swift */; };
		ADAE9C39218B08EA00615125 /* Assets.xcassets in Resources */ = {isa = PBXBuildFile; fileRef = ADAE9C38218B08EA00615125 /* Assets.xcassets */; };
		ADB2739E218078DD00345A5E /* UnsyncedScansView.xib in Resources */ = {isa = PBXBuildFile; fileRef = ADB2739C218078DC00345A5E /* UnsyncedScansView.xib */; };
		ADB2739F218078DD00345A5E /* UnsyncedScansView.swift in Sources */ = {isa = PBXBuildFile; fileRef = ADB2739D218078DC00345A5E /* UnsyncedScansView.swift */; };
		ADB273A521807EFD00345A5E /* AutoSelectSessionsView.swift in Sources */ = {isa = PBXBuildFile; fileRef = ADB273A321807EFD00345A5E /* AutoSelectSessionsView.swift */; };
		ADB273A621807EFD00345A5E /* AutoSelectSessionsView.xib in Resources */ = {isa = PBXBuildFile; fileRef = ADB273A421807EFD00345A5E /* AutoSelectSessionsView.xib */; };
		ADB64DA1217E23C00094EC45 /* Localizable.strings in Resources */ = {isa = PBXBuildFile; fileRef = ADB64DA0217E23C00094EC45 /* Localizable.strings */; };
		ADBCCB472180973E009D7753 /* AutoSelSessionViewModel.swift in Sources */ = {isa = PBXBuildFile; fileRef = ADBCCB462180973E009D7753 /* AutoSelSessionViewModel.swift */; };
		ADDAFFB3225B92B600BA2152 /* Main_iphone.storyboard in Resources */ = {isa = PBXBuildFile; fileRef = ADDAFFB2225B92B600BA2152 /* Main_iphone.storyboard */; };
/* End PBXBuildFile section */

/* Begin PBXContainerItemProxy section */
		7C592BF0242BC0D400294E71 /* PBXContainerItemProxy */ = {
			isa = PBXContainerItemProxy;
			containerPortal = AD53A009217B577400A3F9FC /* Project object */;
			proxyType = 1;
			remoteGlobalIDString = AD53A010217B577400A3F9FC;
			remoteInfo = AttendanceApp;
		};
/* End PBXContainerItemProxy section */

/* Begin PBXFileReference section */
		02E533D6E95C9595418FD1C4 /* Pods_AttendanceApp.framework */ = {isa = PBXFileReference; explicitFileType = wrapper.framework; includeInIndex = 0; path = Pods_AttendanceApp.framework; sourceTree = BUILT_PRODUCTS_DIR; };
		3922F4EF85785A4CD55E2410 /* Pods_AttendanceAppUnitTests.framework */ = {isa = PBXFileReference; explicitFileType = wrapper.framework; includeInIndex = 0; path = Pods_AttendanceAppUnitTests.framework; sourceTree = BUILT_PRODUCTS_DIR; };
		42401D957459EB725DCF69A0 /* Pods-tryWebApiAndSaveToRealm.release.xcconfig */ = {isa = PBXFileReference; includeInIndex = 1; lastKnownFileType = text.xcconfig; name = "Pods-tryWebApiAndSaveToRealm.release.xcconfig"; path = "Pods/Target Support Files/Pods-tryWebApiAndSaveToRealm/Pods-tryWebApiAndSaveToRealm.release.xcconfig"; sourceTree = "<group>"; };
		4CDE23CC13BE03E3BB6C67F5 /* Pods-AttendanceAppUnitTests.debug.xcconfig */ = {isa = PBXFileReference; includeInIndex = 1; lastKnownFileType = text.xcconfig; name = "Pods-AttendanceAppUnitTests.debug.xcconfig"; path = "Pods/Target Support Files/Pods-AttendanceAppUnitTests/Pods-AttendanceAppUnitTests.debug.xcconfig"; sourceTree = "<group>"; };
		5417D6DCB607BDFB0EEA9675 /* Pods-tryWebApiAndSaveToRealm.debug.xcconfig */ = {isa = PBXFileReference; includeInIndex = 1; lastKnownFileType = text.xcconfig; name = "Pods-tryWebApiAndSaveToRealm.debug.xcconfig"; path = "Pods/Target Support Files/Pods-tryWebApiAndSaveToRealm/Pods-tryWebApiAndSaveToRealm.debug.xcconfig"; sourceTree = "<group>"; };
		5B4AC0EA4CAED87DD7474AA7 /* Pods-AttendanceApp.debug.xcconfig */ = {isa = PBXFileReference; includeInIndex = 1; lastKnownFileType = text.xcconfig; name = "Pods-AttendanceApp.debug.xcconfig"; path = "Pods/Target Support Files/Pods-AttendanceApp/Pods-AttendanceApp.debug.xcconfig"; sourceTree = "<group>"; };
		7C4FE48C2297FF4D0064A491 /* DelegatesAPIController.swift */ = {isa = PBXFileReference; fileEncoding = 4; lastKnownFileType = sourcecode.swift; path = DelegatesAPIController.swift; sourceTree = "<group>"; };
		7C55BA59242A8DFB005BF038 /* SettingsJourney.swift */ = {isa = PBXFileReference; lastKnownFileType = sourcecode.swift; path = SettingsJourney.swift; sourceTree = "<group>"; };
		7C55BA5C242A903D005BF038 /* RoomsViewControllerFactory.swift */ = {isa = PBXFileReference; lastKnownFileType = sourcecode.swift; path = RoomsViewControllerFactory.swift; sourceTree = "<group>"; };
		7C55BA5E242A9076005BF038 /* MainStoryboardFactory.swift */ = {isa = PBXFileReference; lastKnownFileType = sourcecode.swift; path = MainStoryboardFactory.swift; sourceTree = "<group>"; };
		7C55BA61242AA43D005BF038 /* BlocksViewControllerFactory.swift */ = {isa = PBXFileReference; lastKnownFileType = sourcecode.swift; path = BlocksViewControllerFactory.swift; sourceTree = "<group>"; };
		7C55BA64242AB594005BF038 /* DatesViewControllerFactory.swift */ = {isa = PBXFileReference; lastKnownFileType = sourcecode.swift; path = DatesViewControllerFactory.swift; sourceTree = "<group>"; };
		7C592BEB242BC0D400294E71 /* AttendanceAppUnitTests.xctest */ = {isa = PBXFileReference; explicitFileType = wrapper.cfbundle; includeInIndex = 0; path = AttendanceAppUnitTests.xctest; sourceTree = BUILT_PRODUCTS_DIR; };
		7C592BEF242BC0D400294E71 /* Info.plist */ = {isa = PBXFileReference; lastKnownFileType = text.plist.xml; path = Info.plist; sourceTree = "<group>"; };
		7C592BF8242BC1C500294E71 /* RoomRepositoryTest.swift */ = {isa = PBXFileReference; lastKnownFileType = sourcecode.swift; path = RoomRepositoryTest.swift; sourceTree = "<group>"; };
		7C592BFA242BD32300294E71 /* IBlock.swift */ = {isa = PBXFileReference; lastKnownFileType = sourcecode.swift; path = IBlock.swift; sourceTree = "<group>"; };
		7C592BFD242BDC1900294E71 /* Blocks.json */ = {isa = PBXFileReference; lastKnownFileType = text.json; path = Blocks.json; sourceTree = "<group>"; };
		7C592BFF242BDD0600294E71 /* Rooms.json */ = {isa = PBXFileReference; lastKnownFileType = text.json; path = Rooms.json; sourceTree = "<group>"; };
		7C5DEBE122E871380058ED6B /* Images.xcassets */ = {isa = PBXFileReference; lastKnownFileType = folder.assetcatalog; path = Images.xcassets; sourceTree = "<group>"; };
		7C640B63242C99BD004A9D58 /* JsonBundleDataProvider.swift */ = {isa = PBXFileReference; lastKnownFileType = sourcecode.swift; path = JsonBundleDataProvider.swift; sourceTree = "<group>"; };
		7C7F4FED228B5AFC00379EBD /* WebReportedCode.swift */ = {isa = PBXFileReference; lastKnownFileType = sourcecode.swift; path = WebReportedCode.swift; sourceTree = "<group>"; };
		7C855DA3229C078A00E4C985 /* RealmDelegatesSessionValidation.swift */ = {isa = PBXFileReference; lastKnownFileType = sourcecode.swift; path = RealmDelegatesSessionValidation.swift; sourceTree = "<group>"; };
		7C93C9DE2276ED4E00D44A52 /* DatesVC.swift */ = {isa = PBXFileReference; lastKnownFileType = sourcecode.swift; path = DatesVC.swift; sourceTree = "<group>"; };
		7C93C9E0227704DC00D44A52 /* DatesViewModel.swift */ = {isa = PBXFileReference; lastKnownFileType = sourcecode.swift; path = DatesViewModel.swift; sourceTree = "<group>"; };
		7C93C9E9227CA65A00D44A52 /* AutoSessionTimer.swift */ = {isa = PBXFileReference; lastKnownFileType = sourcecode.swift; path = AutoSessionTimer.swift; sourceTree = "<group>"; };
		7CAA2A4B243131D400CA184F /* IBlockProvider.swift */ = {isa = PBXFileReference; lastKnownFileType = sourcecode.swift; path = IBlockProvider.swift; sourceTree = "<group>"; };
		7CAA2A4D2431332200CA184F /* BlockProviderWorker.swift */ = {isa = PBXFileReference; lastKnownFileType = sourcecode.swift; path = BlockProviderWorker.swift; sourceTree = "<group>"; };
		7CAA2A502431337D00CA184F /* IRoomsProviderWorker.swift */ = {isa = PBXFileReference; lastKnownFileType = sourcecode.swift; path = IRoomsProviderWorker.swift; sourceTree = "<group>"; };
		7CAA2A52243133FD00CA184F /* RoomProviderWorker.swift */ = {isa = PBXFileReference; lastKnownFileType = sourcecode.swift; path = RoomProviderWorker.swift; sourceTree = "<group>"; };
		7CAE889622E87EF100632EAC /* Launch Screen.xib */ = {isa = PBXFileReference; lastKnownFileType = file.xib; path = "Launch Screen.xib"; sourceTree = "<group>"; };
		7CB1E44722982DC5008C23F8 /* Delegate.swift */ = {isa = PBXFileReference; fileEncoding = 4; lastKnownFileType = sourcecode.swift; path = Delegate.swift; sourceTree = "<group>"; };
		7CB1E44D22983107008C23F8 /* RealmDelegatesPersister.swift */ = {isa = PBXFileReference; lastKnownFileType = sourcecode.swift; path = RealmDelegatesPersister.swift; sourceTree = "<group>"; };
		7CB1E452229832E5008C23F8 /* RealmBlock.swift */ = {isa = PBXFileReference; lastKnownFileType = sourcecode.swift; path = RealmBlock.swift; sourceTree = "<group>"; };
		7CB1E45422983331008C23F8 /* RealmDelegate.swift */ = {isa = PBXFileReference; lastKnownFileType = sourcecode.swift; path = RealmDelegate.swift; sourceTree = "<group>"; };
		7CB3DA57228C030600E29DA5 /* WebReportedCodesVC.swift */ = {isa = PBXFileReference; lastKnownFileType = sourcecode.swift; path = WebReportedCodesVC.swift; sourceTree = "<group>"; };
		7CB7D556225DF965007B9BB0 /* AppDelegate.swift */ = {isa = PBXFileReference; fileEncoding = 4; lastKnownFileType = sourcecode.swift; path = AppDelegate.swift; sourceTree = "<group>"; };
		7CBDC28122D8A91100B7D43F /* BarcodeCaptureSettingsProviding.swift */ = {isa = PBXFileReference; lastKnownFileType = sourcecode.swift; path = BarcodeCaptureSettingsProviding.swift; sourceTree = "<group>"; };
		7CBDC28322D8C07700B7D43F /* ScanningImplementations.swift */ = {isa = PBXFileReference; lastKnownFileType = sourcecode.swift; path = ScanningImplementations.swift; sourceTree = "<group>"; };
		7CBDC28622D8C8C000B7D43F /* ScanningProtocols.swift */ = {isa = PBXFileReference; lastKnownFileType = sourcecode.swift; path = ScanningProtocols.swift; sourceTree = "<group>"; };
		7CC796E5242D022800ECD1E5 /* RoomFactory.swift */ = {isa = PBXFileReference; lastKnownFileType = sourcecode.swift; path = RoomFactory.swift; sourceTree = "<group>"; };
		7CC796E8242D06FB00ECD1E5 /* BlockFactory.swift */ = {isa = PBXFileReference; lastKnownFileType = sourcecode.swift; path = BlockFactory.swift; sourceTree = "<group>"; };
		7CCAE51622AFD3A5006B9A92 /* RealmInvalidAttedanceReportPersister.swift */ = {isa = PBXFileReference; lastKnownFileType = sourcecode.swift; path = RealmInvalidAttedanceReportPersister.swift; sourceTree = "<group>"; };
		7CD2C828228D7CD9006DA60C /* JsonFromBundleParser.swift */ = {isa = PBXFileReference; lastKnownFileType = sourcecode.swift; path = JsonFromBundleParser.swift; sourceTree = "<group>"; };
		7CD3F7102428DC0F001272D1 /* NavusLicenseBarcodeCaptureSettingsProvider.swift */ = {isa = PBXFileReference; lastKnownFileType = sourcecode.swift; path = NavusLicenseBarcodeCaptureSettingsProvider.swift; sourceTree = "<group>"; };
		7CD3F7122428DC70001272D1 /* BarcodeCaptureSettingsProvider.swift */ = {isa = PBXFileReference; lastKnownFileType = sourcecode.swift; path = BarcodeCaptureSettingsProvider.swift; sourceTree = "<group>"; };
		7CD6D5A622A555FB0077D80F /* SyncAPIKey.swift */ = {isa = PBXFileReference; lastKnownFileType = sourcecode.swift; path = SyncAPIKey.swift; sourceTree = "<group>"; };
		7CD6D5A822A5A78A0077D80F /* ConferenceApiKeyState.swift */ = {isa = PBXFileReference; lastKnownFileType = sourcecode.swift; path = ConferenceApiKeyState.swift; sourceTree = "<group>"; };
		7CD6D5AA22A5A8150077D80F /* DownloadResourcesState.swift */ = {isa = PBXFileReference; lastKnownFileType = sourcecode.swift; path = DownloadResourcesState.swift; sourceTree = "<group>"; };
		7CE63ACB22A86324008E477B /* ConfIdApiKeyAuthState.swift */ = {isa = PBXFileReference; lastKnownFileType = sourcecode.swift; path = ConfIdApiKeyAuthState.swift; sourceTree = "<group>"; };
		7CE63ACD22A86358008E477B /* ConfIdApiKeyAuthSupplying.swift */ = {isa = PBXFileReference; lastKnownFileType = sourcecode.swift; path = ConfIdApiKeyAuthSupplying.swift; sourceTree = "<group>"; };
		7CE8153A2273471200B33986 /* SoundManager.swift */ = {isa = PBXFileReference; fileEncoding = 4; lastKnownFileType = sourcecode.swift; path = SoundManager.swift; sourceTree = "<group>"; };
		7CE8153D227347A600B33986 /* codeRejected.mp3 */ = {isa = PBXFileReference; lastKnownFileType = audio.mp3; path = codeRejected.mp3; sourceTree = "<group>"; };
		7CE8153E227347A600B33986 /* codeSuccess.mp3 */ = {isa = PBXFileReference; lastKnownFileType = audio.mp3; path = codeSuccess.mp3; sourceTree = "<group>"; };
		7CEC6741242B6B0800CC56FF /* RoomRepository.swift */ = {isa = PBXFileReference; lastKnownFileType = sourcecode.swift; path = RoomRepository.swift; sourceTree = "<group>"; };
		7CEC6743242B6B3600CC56FF /* BlockRepository.swift */ = {isa = PBXFileReference; lastKnownFileType = sourcecode.swift; path = BlockRepository.swift; sourceTree = "<group>"; };
		7CEC6745242B727F00CC56FF /* Date+Extension.swift */ = {isa = PBXFileReference; lastKnownFileType = sourcecode.swift; path = "Date+Extension.swift"; sourceTree = "<group>"; };
		7CED41B8226881E700FFB34E /* SessionReport.swift */ = {isa = PBXFileReference; lastKnownFileType = sourcecode.swift; path = SessionReport.swift; sourceTree = "<group>"; };
		7CED41BB2268827700FFB34E /* CodeReport.swift */ = {isa = PBXFileReference; lastKnownFileType = sourcecode.swift; path = CodeReport.swift; sourceTree = "<group>"; };
		7CEF97B7228DA98200C31CD8 /* cities.json */ = {isa = PBXFileReference; lastKnownFileType = text.json; path = cities.json; sourceTree = "<group>"; };
		7CEF97B9228DAA1B00C31CD8 /* citiesUpdated.json */ = {isa = PBXFileReference; lastKnownFileType = text.json; path = citiesUpdated.json; sourceTree = "<group>"; };
		7CEF97BD228DAD0100C31CD8 /* roomsUpdated.json */ = {isa = PBXFileReference; lastKnownFileType = text.json; path = roomsUpdated.json; sourceTree = "<group>"; };
		7CEF97BF228DAD1300C31CD8 /* rooms.json */ = {isa = PBXFileReference; lastKnownFileType = text.json; path = rooms.json; sourceTree = "<group>"; };
		7CFDEC4E242CB8190060A2C7 /* BlockRepositoryTest.swift */ = {isa = PBXFileReference; lastKnownFileType = sourcecode.swift; path = BlockRepositoryTest.swift; sourceTree = "<group>"; };
		7CFDEC50242CBC240060A2C7 /* RealmBlockFactory.swift */ = {isa = PBXFileReference; lastKnownFileType = sourcecode.swift; path = RealmBlockFactory.swift; sourceTree = "<group>"; };
		7CFDEC52242CC1D00060A2C7 /* RealmRoomFactory.swift */ = {isa = PBXFileReference; lastKnownFileType = sourcecode.swift; path = RealmRoomFactory.swift; sourceTree = "<group>"; };
		7CFDEC54242CC6C50060A2C7 /* IRoom.swift */ = {isa = PBXFileReference; lastKnownFileType = sourcecode.swift; path = IRoom.swift; sourceTree = "<group>"; };
		7CFDEC56242CC6DA0060A2C7 /* RealmRoom.swift */ = {isa = PBXFileReference; lastKnownFileType = sourcecode.swift; path = RealmRoom.swift; sourceTree = "<group>"; };
		7CFDEC59242CD01A0060A2C7 /* BlocksFromJsonFileLoader.swift */ = {isa = PBXFileReference; lastKnownFileType = sourcecode.swift; path = BlocksFromJsonFileLoader.swift; sourceTree = "<group>"; };
		7CFDEC5B242CD0A20060A2C7 /* RoomsFromJsonFileLoader.swift */ = {isa = PBXFileReference; lastKnownFileType = sourcecode.swift; path = RoomsFromJsonFileLoader.swift; sourceTree = "<group>"; };
		7CFDEC5E242CD47D0060A2C7 /* SaveRoomsToRealmExplicitelyHelper.swift */ = {isa = PBXFileReference; lastKnownFileType = sourcecode.swift; path = SaveRoomsToRealmExplicitelyHelper.swift; sourceTree = "<group>"; };
		7CFDEC60242CD4E00060A2C7 /* SaveBlocksToRealmExplicitelyHelper.swift */ = {isa = PBXFileReference; lastKnownFileType = sourcecode.swift; path = SaveBlocksToRealmExplicitelyHelper.swift; sourceTree = "<group>"; };
		AD191486218EEFC000CD5B2F /* CodesDumper.swift */ = {isa = PBXFileReference; lastKnownFileType = sourcecode.swift; path = CodesDumper.swift; sourceTree = "<group>"; };
		AD191488218EF09300CD5B2F /* CodeReportState.swift */ = {isa = PBXFileReference; lastKnownFileType = sourcecode.swift; path = CodeReportState.swift; sourceTree = "<group>"; };
		AD24E304217F74D8008E35F8 /* ReachabilityManager.swift */ = {isa = PBXFileReference; lastKnownFileType = sourcecode.swift; path = ReachabilityManager.swift; sourceTree = "<group>"; };
		AD24E30721806C3A008E35F8 /* WiFiConnectionView.xib */ = {isa = PBXFileReference; lastKnownFileType = file.xib; path = WiFiConnectionView.xib; sourceTree = "<group>"; };
		AD24E30921806C4A008E35F8 /* WiFiConnectionView.swift */ = {isa = PBXFileReference; lastKnownFileType = sourcecode.swift; path = WiFiConnectionView.swift; sourceTree = "<group>"; };
		AD24E30B21807243008E35F8 /* ModelStructsAndNamespaces.swift */ = {isa = PBXFileReference; lastKnownFileType = sourcecode.swift; path = ModelStructsAndNamespaces.swift; sourceTree = "<group>"; };
		AD28F6F02182122200A41BB8 /* RxExtensions.swift */ = {isa = PBXFileReference; lastKnownFileType = sourcecode.swift; path = RxExtensions.swift; sourceTree = "<group>"; };
		AD29521D217B5B23002DDE32 /* Model.swift */ = {isa = PBXFileReference; fileEncoding = 4; lastKnownFileType = sourcecode.swift; path = Model.swift; sourceTree = "<group>"; };
		AD29521E217B5B23002DDE32 /* AlwaysExtensions.swift */ = {isa = PBXFileReference; fileEncoding = 4; lastKnownFileType = sourcecode.swift; path = AlwaysExtensions.swift; sourceTree = "<group>"; };
		AD29521F217B5B23002DDE32 /* RoomsVC.swift */ = {isa = PBXFileReference; fileEncoding = 4; lastKnownFileType = sourcecode.swift; path = RoomsVC.swift; sourceTree = "<group>"; };
		AD295220217B5B24002DDE32 /* APIController.swift */ = {isa = PBXFileReference; fileEncoding = 4; lastKnownFileType = sourcecode.swift; path = APIController.swift; sourceTree = "<group>"; };
		AD295226217B5C64002DDE32 /* Main.storyboard */ = {isa = PBXFileReference; fileEncoding = 4; lastKnownFileType = file.storyboard; path = Main.storyboard; sourceTree = "<group>"; };
		AD29522C217B5EB0002DDE32 /* RoomViewModel.swift */ = {isa = PBXFileReference; lastKnownFileType = sourcecode.swift; path = RoomViewModel.swift; sourceTree = "<group>"; };
		AD2C3A1221B67D0F00E8A319 /* DataAccess.swift */ = {isa = PBXFileReference; lastKnownFileType = sourcecode.swift; path = DataAccess.swift; sourceTree = "<group>"; };
		AD4CC2D921A5770A00222D5E /* Protocols.swift */ = {isa = PBXFileReference; lastKnownFileType = sourcecode.swift; path = Protocols.swift; sourceTree = "<group>"; };
		AD4DCF01218EFFCF0054527E /* GlobalFuncs.swift */ = {isa = PBXFileReference; lastKnownFileType = sourcecode.swift; path = GlobalFuncs.swift; sourceTree = "<group>"; };
		AD53A011217B577400A3F9FC /* AttendanceApp.app */ = {isa = PBXFileReference; explicitFileType = wrapper.application; includeInIndex = 0; path = AttendanceApp.app; sourceTree = BUILT_PRODUCTS_DIR; };
		AD53A020217B577500A3F9FC /* Info.plist */ = {isa = PBXFileReference; lastKnownFileType = text.plist.xml; path = Info.plist; sourceTree = "<group>"; };
		AD5814AE2189B1AC009C593F /* RealmCodeReport.swift */ = {isa = PBXFileReference; lastKnownFileType = sourcecode.swift; path = RealmCodeReport.swift; sourceTree = "<group>"; };
		AD69206021A6AC0900E3C0F2 /* SettingsViewModel.swift */ = {isa = PBXFileReference; lastKnownFileType = sourcecode.swift; path = SettingsViewModel.swift; sourceTree = "<group>"; };
		AD697BD121885AF2002BC579 /* RealmDataPersister.swift */ = {isa = PBXFileReference; lastKnownFileType = sourcecode.swift; path = RealmDataPersister.swift; sourceTree = "<group>"; };
		AD697BD42188623A002BC579 /* GlobalVars.swift */ = {isa = PBXFileReference; lastKnownFileType = sourcecode.swift; path = GlobalVars.swift; sourceTree = "<group>"; };
		AD697BD721887CCE002BC579 /* ResourcesState.swift */ = {isa = PBXFileReference; lastKnownFileType = sourcecode.swift; path = ResourcesState.swift; sourceTree = "<group>"; };
		AD69BB692190948200EF80F9 /* UnsyncScansViewModel.swift */ = {isa = PBXFileReference; lastKnownFileType = sourcecode.swift; path = UnsyncScansViewModel.swift; sourceTree = "<group>"; };
		AD6C784A22551228003CAFF6 /* libz.tbd */ = {isa = PBXFileReference; lastKnownFileType = "sourcecode.text-based-dylib-definition"; name = libz.tbd; path = usr/lib/libz.tbd; sourceTree = SDKROOT; };
		AD6C784C2255123A003CAFF6 /* libc++.tbd */ = {isa = PBXFileReference; lastKnownFileType = "sourcecode.text-based-dylib-definition"; name = "libc++.tbd"; path = "usr/lib/libc++.tbd"; sourceTree = SDKROOT; };
		AD6C784E22551248003CAFF6 /* Accelerate.framework */ = {isa = PBXFileReference; lastKnownFileType = wrapper.framework; name = Accelerate.framework; path = System/Library/Frameworks/Accelerate.framework; sourceTree = SDKROOT; };
		AD6C785022551255003CAFF6 /* libiconv.tbd */ = {isa = PBXFileReference; lastKnownFileType = "sourcecode.text-based-dylib-definition"; name = libiconv.tbd; path = usr/lib/libiconv.tbd; sourceTree = SDKROOT; };
		AD6C785222551379003CAFF6 /* MediaPlayer.framework */ = {isa = PBXFileReference; lastKnownFileType = wrapper.framework; name = MediaPlayer.framework; path = System/Library/Frameworks/MediaPlayer.framework; sourceTree = SDKROOT; };
		AD6F49A421AFE6410085D730 /* UserSelectionManager.swift */ = {isa = PBXFileReference; lastKnownFileType = sourcecode.swift; path = UserSelectionManager.swift; sourceTree = "<group>"; };
		AD80EFF9217DCDEA003CEDD0 /* Room.swift */ = {isa = PBXFileReference; lastKnownFileType = sourcecode.swift; path = Room.swift; sourceTree = "<group>"; };
		AD80EFFB217DCE27003CEDD0 /* Block.swift */ = {isa = PBXFileReference; lastKnownFileType = sourcecode.swift; path = Block.swift; sourceTree = "<group>"; };
		AD80EFFD217DD87D003CEDD0 /* ScannerVC.swift */ = {isa = PBXFileReference; lastKnownFileType = sourcecode.swift; path = ScannerVC.swift; sourceTree = "<group>"; };
		AD80F001217DE65C003CEDD0 /* ModelData.swift */ = {isa = PBXFileReference; lastKnownFileType = sourcecode.swift; path = ModelData.swift; sourceTree = "<group>"; };
		AD993AAE217B9D2000803BE2 /* BlocksVC.swift */ = {isa = PBXFileReference; lastKnownFileType = sourcecode.swift; path = BlocksVC.swift; sourceTree = "<group>"; };
		AD993AB2217BAA8800803BE2 /* BlockViewModel.swift */ = {isa = PBXFileReference; lastKnownFileType = sourcecode.swift; path = BlockViewModel.swift; sourceTree = "<group>"; };
		AD993AB4217BC6C000803BE2 /* SettingsVC.swift */ = {isa = PBXFileReference; lastKnownFileType = sourcecode.swift; path = SettingsVC.swift; sourceTree = "<group>"; };
		AD9FE5B121AEB17C00D6A4B6 /* BatteryStateManager.swift */ = {isa = PBXFileReference; lastKnownFileType = sourcecode.swift; path = BatteryStateManager.swift; sourceTree = "<group>"; };
		AD9FE5B321AEBA2C00D6A4B6 /* DeviceStateReporter.swift */ = {isa = PBXFileReference; lastKnownFileType = sourcecode.swift; path = DeviceStateReporter.swift; sourceTree = "<group>"; };
		AD9FE5B521AEDE4700D6A4B6 /* AlertStateReporter.swift */ = {isa = PBXFileReference; lastKnownFileType = sourcecode.swift; path = AlertStateReporter.swift; sourceTree = "<group>"; };
		ADA47211217F458D0078530E /* ScannerViewModel.swift */ = {isa = PBXFileReference; lastKnownFileType = sourcecode.swift; path = ScannerViewModel.swift; sourceTree = "<group>"; };
		ADAE9C36218AFDB400615125 /* AlertWithRx.swift */ = {isa = PBXFileReference; lastKnownFileType = sourcecode.swift; path = AlertWithRx.swift; sourceTree = "<group>"; };
		ADAE9C38218B08EA00615125 /* Assets.xcassets */ = {isa = PBXFileReference; lastKnownFileType = folder.assetcatalog; path = Assets.xcassets; sourceTree = "<group>"; };
		ADB2739C218078DC00345A5E /* UnsyncedScansView.xib */ = {isa = PBXFileReference; fileEncoding = 4; lastKnownFileType = file.xib; path = UnsyncedScansView.xib; sourceTree = "<group>"; };
		ADB2739D218078DC00345A5E /* UnsyncedScansView.swift */ = {isa = PBXFileReference; fileEncoding = 4; lastKnownFileType = sourcecode.swift; path = UnsyncedScansView.swift; sourceTree = "<group>"; };
		ADB273A321807EFD00345A5E /* AutoSelectSessionsView.swift */ = {isa = PBXFileReference; fileEncoding = 4; lastKnownFileType = sourcecode.swift; path = AutoSelectSessionsView.swift; sourceTree = "<group>"; };
		ADB273A421807EFD00345A5E /* AutoSelectSessionsView.xib */ = {isa = PBXFileReference; fileEncoding = 4; lastKnownFileType = file.xib; path = AutoSelectSessionsView.xib; sourceTree = "<group>"; };
		ADB64DA0217E23C00094EC45 /* Localizable.strings */ = {isa = PBXFileReference; lastKnownFileType = text.plist.strings; path = Localizable.strings; sourceTree = "<group>"; };
		ADBCCB462180973E009D7753 /* AutoSelSessionViewModel.swift */ = {isa = PBXFileReference; lastKnownFileType = sourcecode.swift; path = AutoSelSessionViewModel.swift; sourceTree = "<group>"; };
		ADDAFFB2225B92B600BA2152 /* Main_iphone.storyboard */ = {isa = PBXFileReference; lastKnownFileType = file.storyboard; path = Main_iphone.storyboard; sourceTree = "<group>"; };
		DB29C2528ED7B82B27229055 /* Pods-AttendanceAppUnitTests.release.xcconfig */ = {isa = PBXFileReference; includeInIndex = 1; lastKnownFileType = text.xcconfig; name = "Pods-AttendanceAppUnitTests.release.xcconfig"; path = "Pods/Target Support Files/Pods-AttendanceAppUnitTests/Pods-AttendanceAppUnitTests.release.xcconfig"; sourceTree = "<group>"; };
		EA4E16C46501ABC783E1A167 /* Pods-AttendanceApp.release.xcconfig */ = {isa = PBXFileReference; includeInIndex = 1; lastKnownFileType = text.xcconfig; name = "Pods-AttendanceApp.release.xcconfig"; path = "Pods/Target Support Files/Pods-AttendanceApp/Pods-AttendanceApp.release.xcconfig"; sourceTree = "<group>"; };
/* End PBXFileReference section */

/* Begin PBXFrameworksBuildPhase section */
		7C592BE8242BC0D400294E71 /* Frameworks */ = {
			isa = PBXFrameworksBuildPhase;
			buildActionMask = 2147483647;
			files = (
				54C44D582A3C4E40169E34FE /* Pods_AttendanceAppUnitTests.framework in Frameworks */,
			);
			runOnlyForDeploymentPostprocessing = 0;
		};
		AD53A00E217B577400A3F9FC /* Frameworks */ = {
			isa = PBXFrameworksBuildPhase;
			buildActionMask = 2147483647;
			files = (
				AD6C785322551379003CAFF6 /* MediaPlayer.framework in Frameworks */,
				AD6C784F22551248003CAFF6 /* Accelerate.framework in Frameworks */,
				AD6C785122551255003CAFF6 /* libiconv.tbd in Frameworks */,
				AD6C784D2255123A003CAFF6 /* libc++.tbd in Frameworks */,
				AD6C784B22551228003CAFF6 /* libz.tbd in Frameworks */,
				575495532CCA2AC12DFC9BE3 /* Pods_AttendanceApp.framework in Frameworks */,
			);
			runOnlyForDeploymentPostprocessing = 0;
		};
/* End PBXFrameworksBuildPhase section */

/* Begin PBXGroup section */
		1E90DB33E979B38F4610E577 /* Frameworks */ = {
			isa = PBXGroup;
			children = (
				AD6C785222551379003CAFF6 /* MediaPlayer.framework */,
				AD6C785022551255003CAFF6 /* libiconv.tbd */,
				AD6C784E22551248003CAFF6 /* Accelerate.framework */,
				AD6C784C2255123A003CAFF6 /* libc++.tbd */,
				AD6C784A22551228003CAFF6 /* libz.tbd */,
				02E533D6E95C9595418FD1C4 /* Pods_AttendanceApp.framework */,
				3922F4EF85785A4CD55E2410 /* Pods_AttendanceAppUnitTests.framework */,
			);
			name = Frameworks;
			sourceTree = "<group>";
		};
		7C55BA5B242A9029005BF038 /* RoomsVC */ = {
			isa = PBXGroup;
			children = (
				7C55BA5C242A903D005BF038 /* RoomsViewControllerFactory.swift */,
				AD29521F217B5B23002DDE32 /* RoomsVC.swift */,
			);
			path = RoomsVC;
			sourceTree = "<group>";
		};
		7C55BA60242AA427005BF038 /* BlocksVC */ = {
			isa = PBXGroup;
			children = (
				7C55BA61242AA43D005BF038 /* BlocksViewControllerFactory.swift */,
				AD993AAE217B9D2000803BE2 /* BlocksVC.swift */,
			);
			path = BlocksVC;
			sourceTree = "<group>";
		};
		7C55BA63242AB581005BF038 /* DatesVC */ = {
			isa = PBXGroup;
			children = (
				7C55BA64242AB594005BF038 /* DatesViewControllerFactory.swift */,
				7C93C9DE2276ED4E00D44A52 /* DatesVC.swift */,
			);
			path = DatesVC;
			sourceTree = "<group>";
		};
		7C592BEC242BC0D400294E71 /* AttendanceAppUnitTests */ = {
			isa = PBXGroup;
			children = (
				7C592BFC242BDBFE00294E71 /* JSON */,
				7C592BF5242BC19C00294E71 /* Repository */,
				7C592BEF242BC0D400294E71 /* Info.plist */,
			);
			path = AttendanceAppUnitTests;
			sourceTree = "<group>";
		};
		7C592BF5242BC19C00294E71 /* Repository */ = {
			isa = PBXGroup;
			children = (
				7CFDEC5D242CD4640060A2C7 /* SaveToRealmExplicitelyHelpers */,
				7CFDEC58242CD0060060A2C7 /* DataLoaders */,
				7C592BF7242BC1B000294E71 /* BlockRepository */,
				7C592BF6242BC1A500294E71 /* RoomRepository */,
			);
			path = Repository;
			sourceTree = "<group>";
		};
		7C592BF6242BC1A500294E71 /* RoomRepository */ = {
			isa = PBXGroup;
			children = (
				7C592BF8242BC1C500294E71 /* RoomRepositoryTest.swift */,
			);
			path = RoomRepository;
			sourceTree = "<group>";
		};
		7C592BF7242BC1B000294E71 /* BlockRepository */ = {
			isa = PBXGroup;
			children = (
				7CFDEC4E242CB8190060A2C7 /* BlockRepositoryTest.swift */,
			);
			path = BlockRepository;
			sourceTree = "<group>";
		};
		7C592BFC242BDBFE00294E71 /* JSON */ = {
			isa = PBXGroup;
			children = (
				7C640B62242C99B2004A9D58 /* JsonBundleDataProvider */,
				7C592BFD242BDC1900294E71 /* Blocks.json */,
				7C592BFF242BDD0600294E71 /* Rooms.json */,
			);
			path = JSON;
			sourceTree = "<group>";
		};
		7C640B62242C99B2004A9D58 /* JsonBundleDataProvider */ = {
			isa = PBXGroup;
			children = (
				7C640B63242C99BD004A9D58 /* JsonBundleDataProvider.swift */,
			);
			path = JsonBundleDataProvider;
			sourceTree = "<group>";
		};
		7C855DA2229C077100E4C985 /* FetchDelegates */ = {
			isa = PBXGroup;
			children = (
				7C855DA3229C078A00E4C985 /* RealmDelegatesSessionValidation.swift */,
			);
			path = FetchDelegates;
			sourceTree = "<group>";
		};
		7C93C9E8227CA64700D44A52 /* AutoSessionTimer */ = {
			isa = PBXGroup;
			children = (
				7C93C9E9227CA65A00D44A52 /* AutoSessionTimer.swift */,
			);
			path = AutoSessionTimer;
			sourceTree = "<group>";
		};
		7CAA2A492431317B00CA184F /* ResourcesState */ = {
			isa = PBXGroup;
			children = (
				AD697BD721887CCE002BC579 /* ResourcesState.swift */,
				7CAA2A4F2431336500CA184F /* RoomsProvider */,
				7CAA2A4A243131C300CA184F /* BlocksProvider */,
			);
			path = ResourcesState;
			sourceTree = "<group>";
		};
		7CAA2A4A243131C300CA184F /* BlocksProvider */ = {
			isa = PBXGroup;
			children = (
				7CAA2A4B243131D400CA184F /* IBlockProvider.swift */,
				7CAA2A4D2431332200CA184F /* BlockProviderWorker.swift */,
			);
			path = BlocksProvider;
			sourceTree = "<group>";
		};
		7CAA2A4F2431336500CA184F /* RoomsProvider */ = {
			isa = PBXGroup;
			children = (
				7CAA2A502431337D00CA184F /* IRoomsProviderWorker.swift */,
				7CAA2A52243133FD00CA184F /* RoomProviderWorker.swift */,
			);
			path = RoomsProvider;
			sourceTree = "<group>";
		};
		7CB1E44C229830E5008C23F8 /* Persisters */ = {
			isa = PBXGroup;
			children = (
				AD697BD121885AF2002BC579 /* RealmDataPersister.swift */,
				7CCAE51622AFD3A5006B9A92 /* RealmInvalidAttedanceReportPersister.swift */,
				7CB1E44D22983107008C23F8 /* RealmDelegatesPersister.swift */,
			);
			path = Persisters;
			sourceTree = "<group>";
		};
		7CB1E44F229832B0008C23F8 /* Room */ = {
			isa = PBXGroup;
			children = (
				7CFDEC54242CC6C50060A2C7 /* IRoom.swift */,
				7CC796E4242D021800ECD1E5 /* RoomFactory */,
				AD80EFF9217DCDEA003CEDD0 /* Room.swift */,
				7CFDEC56242CC6DA0060A2C7 /* RealmRoom.swift */,
			);
			path = Room;
			sourceTree = "<group>";
		};
		7CB1E450229832BC008C23F8 /* Block */ = {
			isa = PBXGroup;
			children = (
				7C592BFA242BD32300294E71 /* IBlock.swift */,
				AD80EFFB217DCE27003CEDD0 /* Block.swift */,
				7CB1E452229832E5008C23F8 /* RealmBlock.swift */,
				7CC796E7242D06E400ECD1E5 /* RealmBlockFactory */,
			);
			path = Block;
			sourceTree = "<group>";
		};
		7CB1E451229832C8008C23F8 /* Delegate */ = {
			isa = PBXGroup;
			children = (
				7CB1E44722982DC5008C23F8 /* Delegate.swift */,
				7CB1E45422983331008C23F8 /* RealmDelegate.swift */,
			);
			path = Delegate;
			sourceTree = "<group>";
		};
		7CBDC28022D8A8D800B7D43F /* Scan */ = {
			isa = PBXGroup;
			children = (
				7CBDC28522D8C8A400B7D43F /* Scanning */,
				AD80EFFD217DD87D003CEDD0 /* ScannerVC.swift */,
				7CD3F70F2428DBD3001272D1 /* ScanditSettings */,
			);
			path = Scan;
			sourceTree = "<group>";
		};
		7CBDC28522D8C8A400B7D43F /* Scanning */ = {
			isa = PBXGroup;
			children = (
				7CBDC28622D8C8C000B7D43F /* ScanningProtocols.swift */,
				7CBDC28322D8C07700B7D43F /* ScanningImplementations.swift */,
			);
			path = Scanning;
			sourceTree = "<group>";
		};
		7CC796E4242D021800ECD1E5 /* RoomFactory */ = {
			isa = PBXGroup;
			children = (
				7CFDEC52242CC1D00060A2C7 /* RealmRoomFactory.swift */,
				7CC796E5242D022800ECD1E5 /* RoomFactory.swift */,
			);
			path = RoomFactory;
			sourceTree = "<group>";
		};
		7CC796E7242D06E400ECD1E5 /* RealmBlockFactory */ = {
			isa = PBXGroup;
			children = (
				7CFDEC50242CBC240060A2C7 /* RealmBlockFactory.swift */,
				7CC796E8242D06FB00ECD1E5 /* BlockFactory.swift */,
			);
			path = RealmBlockFactory;
			sourceTree = "<group>";
		};
		7CD2C827228D7CBE006DA60C /* JsonFromBundleParser */ = {
			isa = PBXGroup;
			children = (
				7CD2C828228D7CD9006DA60C /* JsonFromBundleParser.swift */,
			);
			path = JsonFromBundleParser;
			sourceTree = "<group>";
		};
		7CD3F70F2428DBD3001272D1 /* ScanditSettings */ = {
			isa = PBXGroup;
			children = (
				7CBDC28122D8A91100B7D43F /* BarcodeCaptureSettingsProviding.swift */,
				7CD3F7122428DC70001272D1 /* BarcodeCaptureSettingsProvider.swift */,
				7CD3F7102428DC0F001272D1 /* NavusLicenseBarcodeCaptureSettingsProvider.swift */,
			);
			path = ScanditSettings;
			sourceTree = "<group>";
		};
		7CE63ACA22A862FE008E477B /* ConfIdApiKeyAuthState */ = {
			isa = PBXGroup;
			children = (
				7CE63ACD22A86358008E477B /* ConfIdApiKeyAuthSupplying.swift */,
				7CE63ACB22A86324008E477B /* ConfIdApiKeyAuthState.swift */,
			);
			path = ConfIdApiKeyAuthState;
			sourceTree = "<group>";
		};
		7CE81539227346F700B33986 /* Sounds */ = {
			isa = PBXGroup;
			children = (
				7CE8153C2273472100B33986 /* SoundAssets */,
				7CE8153A2273471200B33986 /* SoundManager.swift */,
			);
			path = Sounds;
			sourceTree = "<group>";
		};
		7CE8153C2273472100B33986 /* SoundAssets */ = {
			isa = PBXGroup;
			children = (
				7CE8153D227347A600B33986 /* codeRejected.mp3 */,
				7CE8153E227347A600B33986 /* codeSuccess.mp3 */,
			);
			path = SoundAssets;
			sourceTree = "<group>";
		};
		7CEC673F242B6AEF00CC56FF /* Repository */ = {
			isa = PBXGroup;
			children = (
				7CEC6740242B6AFE00CC56FF /* Room */,
			);
			path = Repository;
			sourceTree = "<group>";
		};
		7CEC6740242B6AFE00CC56FF /* Room */ = {
			isa = PBXGroup;
			children = (
				7CEC6741242B6B0800CC56FF /* RoomRepository.swift */,
				7CEC6743242B6B3600CC56FF /* BlockRepository.swift */,
			);
			path = Room;
			sourceTree = "<group>";
		};
		7CED41BA2268825D00FFB34E /* Report */ = {
			isa = PBXGroup;
			children = (
				7CED41B8226881E700FFB34E /* SessionReport.swift */,
				7CED41BB2268827700FFB34E /* CodeReport.swift */,
				AD5814AE2189B1AC009C593F /* RealmCodeReport.swift */,
				7C7F4FED228B5AFC00379EBD /* WebReportedCode.swift */,
			);
			path = Report;
			sourceTree = "<group>";
		};
		7CEF97B6228DA96B00C31CD8 /* JSON */ = {
			isa = PBXGroup;
			children = (
				7CEF97B7228DA98200C31CD8 /* cities.json */,
				7CEF97B9228DAA1B00C31CD8 /* citiesUpdated.json */,
				7CEF97BD228DAD0100C31CD8 /* roomsUpdated.json */,
				7CEF97BF228DAD1300C31CD8 /* rooms.json */,
			);
			path = JSON;
			sourceTree = "<group>";
		};
		7CFDEC58242CD0060060A2C7 /* DataLoaders */ = {
			isa = PBXGroup;
			children = (
				7CFDEC5B242CD0A20060A2C7 /* RoomsFromJsonFileLoader.swift */,
				7CFDEC59242CD01A0060A2C7 /* BlocksFromJsonFileLoader.swift */,
			);
			path = DataLoaders;
			sourceTree = "<group>";
		};
		7CFDEC5D242CD4640060A2C7 /* SaveToRealmExplicitelyHelpers */ = {
			isa = PBXGroup;
			children = (
				7CFDEC5E242CD47D0060A2C7 /* SaveRoomsToRealmExplicitelyHelper.swift */,
				7CFDEC60242CD4E00060A2C7 /* SaveBlocksToRealmExplicitelyHelper.swift */,
			);
			path = SaveToRealmExplicitelyHelpers;
			sourceTree = "<group>";
		};
		AD24E303217F74C8008E35F8 /* Services */ = {
			isa = PBXGroup;
			children = (
				AD24E304217F74D8008E35F8 /* ReachabilityManager.swift */,
				AD9FE5B121AEB17C00D6A4B6 /* BatteryStateManager.swift */,
				AD6F49A421AFE6410085D730 /* UserSelectionManager.swift */,
			);
			path = Services;
			sourceTree = "<group>";
		};
		AD24E30621806C22008E35F8 /* Views */ = {
			isa = PBXGroup;
			children = (
				ADB273A421807EFD00345A5E /* AutoSelectSessionsView.xib */,
				ADB273A321807EFD00345A5E /* AutoSelectSessionsView.swift */,
				ADB2739C218078DC00345A5E /* UnsyncedScansView.xib */,
				ADB2739D218078DC00345A5E /* UnsyncedScansView.swift */,
				AD24E30721806C3A008E35F8 /* WiFiConnectionView.xib */,
				AD24E30921806C4A008E35F8 /* WiFiConnectionView.swift */,
				7CD6D5A622A555FB0077D80F /* SyncAPIKey.swift */,
			);
			path = Views;
			sourceTree = "<group>";
		};
		AD28F6EF2182120A00A41BB8 /* Extensions */ = {
			isa = PBXGroup;
			children = (
				ADAE9C35218AFD8700615125 /* AlertWithRx */,
				AD29521E217B5B23002DDE32 /* AlwaysExtensions.swift */,
				AD28F6F02182122200A41BB8 /* RxExtensions.swift */,
				7CEC6745242B727F00CC56FF /* Date+Extension.swift */,
			);
			path = Extensions;
			sourceTree = "<group>";
		};
		AD295228217B5E6F002DDE32 /* ViewModel */ = {
			isa = PBXGroup;
			children = (
				7C93C9E0227704DC00D44A52 /* DatesViewModel.swift */,
				AD29522C217B5EB0002DDE32 /* RoomViewModel.swift */,
				AD993AB2217BAA8800803BE2 /* BlockViewModel.swift */,
				AD69206021A6AC0900E3C0F2 /* SettingsViewModel.swift */,
				ADA47211217F458D0078530E /* ScannerViewModel.swift */,
				ADBCCB462180973E009D7753 /* AutoSelSessionViewModel.swift */,
				AD69BB692190948200EF80F9 /* UnsyncScansViewModel.swift */,
			);
			path = ViewModel;
			sourceTree = "<group>";
		};
		AD295229217B5E77002DDE32 /* ViewController */ = {
			isa = PBXGroup;
			children = (
				7C55BA5E242A9076005BF038 /* MainStoryboardFactory.swift */,
				AD993AB4217BC6C000803BE2 /* SettingsVC.swift */,
				7C55BA63242AB581005BF038 /* DatesVC */,
				7C55BA5B242A9029005BF038 /* RoomsVC */,
				7C55BA60242AA427005BF038 /* BlocksVC */,
				7CB3DA57228C030600E29DA5 /* WebReportedCodesVC.swift */,
			);
			path = ViewController;
			sourceTree = "<group>";
		};
		AD29522A217B5E8A002DDE32 /* APIController */ = {
			isa = PBXGroup;
			children = (
				AD295220217B5B24002DDE32 /* APIController.swift */,
				7C4FE48C2297FF4D0064A491 /* DelegatesAPIController.swift */,
			);
			path = APIController;
			sourceTree = "<group>";
		};
		AD29522B217B5E98002DDE32 /* Model */ = {
			isa = PBXGroup;
			children = (
				7C855DA2229C077100E4C985 /* FetchDelegates */,
				7CB1E451229832C8008C23F8 /* Delegate */,
				7CB1E450229832BC008C23F8 /* Block */,
				7CB1E44F229832B0008C23F8 /* Room */,
				7CB1E44C229830E5008C23F8 /* Persisters */,
				7CED41BA2268825D00FFB34E /* Report */,
				AD29521D217B5B23002DDE32 /* Model.swift */,
				AD2C3A1221B67D0F00E8A319 /* DataAccess.swift */,
				7C55BA59242A8DFB005BF038 /* SettingsJourney.swift */,
			);
			path = Model;
			sourceTree = "<group>";
		};
		AD4CC2D821A576F200222D5E /* Common */ = {
			isa = PBXGroup;
			children = (
				AD4CC2D921A5770A00222D5E /* Protocols.swift */,
			);
			path = Common;
			sourceTree = "<group>";
		};
		AD53A008217B577400A3F9FC = {
			isa = PBXGroup;
			children = (
				AD53A013217B577400A3F9FC /* AttendanceApp */,
				7C592BEC242BC0D400294E71 /* AttendanceAppUnitTests */,
				AD53A012217B577400A3F9FC /* Products */,
				C144544588EC78E4B476DBC2 /* Pods */,
				1E90DB33E979B38F4610E577 /* Frameworks */,
			);
			sourceTree = "<group>";
		};
		AD53A012217B577400A3F9FC /* Products */ = {
			isa = PBXGroup;
			children = (
				AD53A011217B577400A3F9FC /* AttendanceApp.app */,
				7C592BEB242BC0D400294E71 /* AttendanceAppUnitTests.xctest */,
			);
			name = Products;
			sourceTree = "<group>";
		};
		AD53A013217B577400A3F9FC /* AttendanceApp */ = {
			isa = PBXGroup;
			children = (
				7CEC673F242B6AEF00CC56FF /* Repository */,
				7CBDC28022D8A8D800B7D43F /* Scan */,
				7CE63ACA22A862FE008E477B /* ConfIdApiKeyAuthState */,
				7CEF97B6228DA96B00C31CD8 /* JSON */,
				7CD2C827228D7CBE006DA60C /* JsonFromBundleParser */,
				7C93C9E8227CA64700D44A52 /* AutoSessionTimer */,
				7CE81539227346F700B33986 /* Sounds */,
				AD4CC2D821A576F200222D5E /* Common */,
				AD697BD621887CC3002BC579 /* ResourcesStateAndCodeReportsState */,
				AD697BD32188622B002BC579 /* Globals */,
				AD28F6EF2182120A00A41BB8 /* Extensions */,
				AD24E30621806C22008E35F8 /* Views */,
				AD24E303217F74C8008E35F8 /* Services */,
				AD80F000217DE651003CEDD0 /* ModelData */,
				AD29522B217B5E98002DDE32 /* Model */,
				AD29522A217B5E8A002DDE32 /* APIController */,
				AD295229217B5E77002DDE32 /* ViewController */,
				AD295228217B5E6F002DDE32 /* ViewModel */,
				ADAE9C38218B08EA00615125 /* Assets.xcassets */,
				7C5DEBE122E871380058ED6B /* Images.xcassets */,
				7CB7D556225DF965007B9BB0 /* AppDelegate.swift */,
				7CAE889622E87EF100632EAC /* Launch Screen.xib */,
				AD295226217B5C64002DDE32 /* Main.storyboard */,
				ADDAFFB2225B92B600BA2152 /* Main_iphone.storyboard */,
				AD53A020217B577500A3F9FC /* Info.plist */,
				ADB64DA0217E23C00094EC45 /* Localizable.strings */,
			);
			path = AttendanceApp;
			sourceTree = "<group>";
		};
		AD697BD32188622B002BC579 /* Globals */ = {
			isa = PBXGroup;
			children = (
				AD697BD42188623A002BC579 /* GlobalVars.swift */,
				AD4DCF01218EFFCF0054527E /* GlobalFuncs.swift */,
			);
			path = Globals;
			sourceTree = "<group>";
		};
		AD697BD621887CC3002BC579 /* ResourcesStateAndCodeReportsState */ = {
			isa = PBXGroup;
			children = (
				7CAA2A492431317B00CA184F /* ResourcesState */,
				AD191486218EEFC000CD5B2F /* CodesDumper.swift */,
				AD191488218EF09300CD5B2F /* CodeReportState.swift */,
				AD9FE5B321AEBA2C00D6A4B6 /* DeviceStateReporter.swift */,
				AD9FE5B521AEDE4700D6A4B6 /* AlertStateReporter.swift */,
				7CD6D5A822A5A78A0077D80F /* ConferenceApiKeyState.swift */,
				7CD6D5AA22A5A8150077D80F /* DownloadResourcesState.swift */,
			);
			path = ResourcesStateAndCodeReportsState;
			sourceTree = "<group>";
		};
		AD80F000217DE651003CEDD0 /* ModelData */ = {
			isa = PBXGroup;
			children = (
				AD80F001217DE65C003CEDD0 /* ModelData.swift */,
				AD24E30B21807243008E35F8 /* ModelStructsAndNamespaces.swift */,
			);
			path = ModelData;
			sourceTree = "<group>";
		};
		ADAE9C35218AFD8700615125 /* AlertWithRx */ = {
			isa = PBXGroup;
			children = (
				ADAE9C36218AFDB400615125 /* AlertWithRx.swift */,
			);
			path = AlertWithRx;
			sourceTree = "<group>";
		};
		C144544588EC78E4B476DBC2 /* Pods */ = {
			isa = PBXGroup;
			children = (
				5417D6DCB607BDFB0EEA9675 /* Pods-tryWebApiAndSaveToRealm.debug.xcconfig */,
				42401D957459EB725DCF69A0 /* Pods-tryWebApiAndSaveToRealm.release.xcconfig */,
				5B4AC0EA4CAED87DD7474AA7 /* Pods-AttendanceApp.debug.xcconfig */,
				EA4E16C46501ABC783E1A167 /* Pods-AttendanceApp.release.xcconfig */,
				4CDE23CC13BE03E3BB6C67F5 /* Pods-AttendanceAppUnitTests.debug.xcconfig */,
				DB29C2528ED7B82B27229055 /* Pods-AttendanceAppUnitTests.release.xcconfig */,
			);
			name = Pods;
			sourceTree = "<group>";
		};
/* End PBXGroup section */

/* Begin PBXNativeTarget section */
		7C592BEA242BC0D400294E71 /* AttendanceAppUnitTests */ = {
			isa = PBXNativeTarget;
			buildConfigurationList = 7C592BF4242BC0D400294E71 /* Build configuration list for PBXNativeTarget "AttendanceAppUnitTests" */;
			buildPhases = (
				1FCAA58421CD7B87B955CC39 /* [CP] Check Pods Manifest.lock */,
				7C592BE7242BC0D400294E71 /* Sources */,
				7C592BE8242BC0D400294E71 /* Frameworks */,
				7C592BE9242BC0D400294E71 /* Resources */,
			);
			buildRules = (
			);
			dependencies = (
				7C592BF1242BC0D400294E71 /* PBXTargetDependency */,
			);
			name = AttendanceAppUnitTests;
			productName = AttendanceAppUnitTests;
			productReference = 7C592BEB242BC0D400294E71 /* AttendanceAppUnitTests.xctest */;
			productType = "com.apple.product-type.bundle.unit-test";
		};
		AD53A010217B577400A3F9FC /* AttendanceApp */ = {
			isa = PBXNativeTarget;
			buildConfigurationList = AD53A023217B577500A3F9FC /* Build configuration list for PBXNativeTarget "AttendanceApp" */;
			buildPhases = (
				8E39548BC17440055A117A5C /* [CP] Check Pods Manifest.lock */,
				AD53A00D217B577400A3F9FC /* Sources */,
				AD53A00E217B577400A3F9FC /* Frameworks */,
				AD53A00F217B577400A3F9FC /* Resources */,
				8EB40F1C4C106B31B206088A /* [CP] Embed Pods Frameworks */,
			);
			buildRules = (
			);
			dependencies = (
			);
			name = AttendanceApp;
			productName = tryWebApiAndSaveToRealm;
			productReference = AD53A011217B577400A3F9FC /* AttendanceApp.app */;
			productType = "com.apple.product-type.application";
		};
/* End PBXNativeTarget section */

/* Begin PBXProject section */
		AD53A009217B577400A3F9FC /* Project object */ = {
			isa = PBXProject;
			attributes = {
				LastSwiftUpdateCheck = 1130;
				LastUpgradeCheck = 1000;
				ORGANIZATIONNAME = Navus;
				TargetAttributes = {
					7C592BEA242BC0D400294E71 = {
						CreatedOnToolsVersion = 11.3.1;
						ProvisioningStyle = Automatic;
						TestTargetID = AD53A010217B577400A3F9FC;
					};
					AD53A010217B577400A3F9FC = {
						CreatedOnToolsVersion = 10.0;
						ProvisioningStyle = Automatic;
					};
				};
			};
			buildConfigurationList = AD53A00C217B577400A3F9FC /* Build configuration list for PBXProject "AttendanceApp" */;
			compatibilityVersion = "Xcode 8.0";
			developmentRegion = en;
			hasScannedForEncodings = 0;
			knownRegions = (
				en,
				Base,
			);
			mainGroup = AD53A008217B577400A3F9FC;
			productRefGroup = AD53A012217B577400A3F9FC /* Products */;
			projectDirPath = "";
			projectRoot = "";
			targets = (
				AD53A010217B577400A3F9FC /* AttendanceApp */,
				7C592BEA242BC0D400294E71 /* AttendanceAppUnitTests */,
			);
		};
/* End PBXProject section */

/* Begin PBXResourcesBuildPhase section */
		7C592BE9242BC0D400294E71 /* Resources */ = {
			isa = PBXResourcesBuildPhase;
			buildActionMask = 2147483647;
			files = (
				7C592C00242BDD0600294E71 /* Rooms.json in Resources */,
				7C592BFE242BDC1900294E71 /* Blocks.json in Resources */,
			);
			runOnlyForDeploymentPostprocessing = 0;
		};
		AD53A00F217B577400A3F9FC /* Resources */ = {
			isa = PBXResourcesBuildPhase;
			buildActionMask = 2147483647;
			files = (
				ADB2739E218078DD00345A5E /* UnsyncedScansView.xib in Resources */,
				AD295227217B5C64002DDE32 /* Main.storyboard in Resources */,
				7CEF97C0228DAD1300C31CD8 /* rooms.json in Resources */,
				7CE8153F227347A600B33986 /* codeRejected.mp3 in Resources */,
				ADB64DA1217E23C00094EC45 /* Localizable.strings in Resources */,
				7CEF97B8228DA98200C31CD8 /* cities.json in Resources */,
				7C5DEBE222E871380058ED6B /* Images.xcassets in Resources */,
				7CE81540227347A600B33986 /* codeSuccess.mp3 in Resources */,
				ADAE9C39218B08EA00615125 /* Assets.xcassets in Resources */,
				7CEF97BA228DAA1B00C31CD8 /* citiesUpdated.json in Resources */,
				ADB273A621807EFD00345A5E /* AutoSelectSessionsView.xib in Resources */,
				7CEF97BE228DAD0100C31CD8 /* roomsUpdated.json in Resources */,
				ADDAFFB3225B92B600BA2152 /* Main_iphone.storyboard in Resources */,
				AD24E30821806C3A008E35F8 /* WiFiConnectionView.xib in Resources */,
				7CAE889722E87EF100632EAC /* Launch Screen.xib in Resources */,
			);
			runOnlyForDeploymentPostprocessing = 0;
		};
/* End PBXResourcesBuildPhase section */

/* Begin PBXShellScriptBuildPhase section */
		1FCAA58421CD7B87B955CC39 /* [CP] Check Pods Manifest.lock */ = {
			isa = PBXShellScriptBuildPhase;
			buildActionMask = 2147483647;
			files = (
			);
			inputFileListPaths = (
			);
			inputPaths = (
				"${PODS_PODFILE_DIR_PATH}/Podfile.lock",
				"${PODS_ROOT}/Manifest.lock",
			);
			name = "[CP] Check Pods Manifest.lock";
			outputFileListPaths = (
			);
			outputPaths = (
				"$(DERIVED_FILE_DIR)/Pods-AttendanceAppUnitTests-checkManifestLockResult.txt",
			);
			runOnlyForDeploymentPostprocessing = 0;
			shellPath = /bin/sh;
			shellScript = "diff \"${PODS_PODFILE_DIR_PATH}/Podfile.lock\" \"${PODS_ROOT}/Manifest.lock\" > /dev/null\nif [ $? != 0 ] ; then\n    # print error to STDERR\n    echo \"error: The sandbox is not in sync with the Podfile.lock. Run 'pod install' or update your CocoaPods installation.\" >&2\n    exit 1\nfi\n# This output is used by Xcode 'outputs' to avoid re-running this script phase.\necho \"SUCCESS\" > \"${SCRIPT_OUTPUT_FILE_0}\"\n";
			showEnvVarsInLog = 0;
		};
		8E39548BC17440055A117A5C /* [CP] Check Pods Manifest.lock */ = {
			isa = PBXShellScriptBuildPhase;
			buildActionMask = 2147483647;
			files = (
			);
			inputPaths = (
				"${PODS_PODFILE_DIR_PATH}/Podfile.lock",
				"${PODS_ROOT}/Manifest.lock",
			);
			name = "[CP] Check Pods Manifest.lock";
			outputPaths = (
				"$(DERIVED_FILE_DIR)/Pods-AttendanceApp-checkManifestLockResult.txt",
			);
			runOnlyForDeploymentPostprocessing = 0;
			shellPath = /bin/sh;
			shellScript = "diff \"${PODS_PODFILE_DIR_PATH}/Podfile.lock\" \"${PODS_ROOT}/Manifest.lock\" > /dev/null\nif [ $? != 0 ] ; then\n    # print error to STDERR\n    echo \"error: The sandbox is not in sync with the Podfile.lock. Run 'pod install' or update your CocoaPods installation.\" >&2\n    exit 1\nfi\n# This output is used by Xcode 'outputs' to avoid re-running this script phase.\necho \"SUCCESS\" > \"${SCRIPT_OUTPUT_FILE_0}\"\n";
			showEnvVarsInLog = 0;
		};
		8EB40F1C4C106B31B206088A /* [CP] Embed Pods Frameworks */ = {
			isa = PBXShellScriptBuildPhase;
			buildActionMask = 2147483647;
			files = (
			);
			inputPaths = (
				"${PODS_ROOT}/Target Support Files/Pods-AttendanceApp/Pods-AttendanceApp-frameworks.sh",
				"${BUILT_PRODUCTS_DIR}/Differentiator/Differentiator.framework",
				"${BUILT_PRODUCTS_DIR}/ReachabilitySwift/Reachability.framework",
				"${BUILT_PRODUCTS_DIR}/Realm/Realm.framework",
				"${BUILT_PRODUCTS_DIR}/RealmSwift/RealmSwift.framework",
				"${BUILT_PRODUCTS_DIR}/RxCocoa/RxCocoa.framework",
				"${BUILT_PRODUCTS_DIR}/RxDataSources/RxDataSources.framework",
				"${BUILT_PRODUCTS_DIR}/RxRealm/RxRealm.framework",
				"${BUILT_PRODUCTS_DIR}/RxRealmDataSources/RxRealmDataSources.framework",
				"${BUILT_PRODUCTS_DIR}/RxSwift/RxSwift.framework",
				"${PODS_ROOT}/ScanditBarcodeCapture/ScanditBarcodeCapture.framework",
				"${PODS_ROOT}/ScanditCaptureCore/ScanditCaptureCore.framework",
				"${BUILT_PRODUCTS_DIR}/SwiftyJSON/SwiftyJSON.framework",
				"${BUILT_PRODUCTS_DIR}/Zip/Zip.framework",
			);
			name = "[CP] Embed Pods Frameworks";
			outputPaths = (
				"${TARGET_BUILD_DIR}/${FRAMEWORKS_FOLDER_PATH}/Differentiator.framework",
				"${TARGET_BUILD_DIR}/${FRAMEWORKS_FOLDER_PATH}/Reachability.framework",
				"${TARGET_BUILD_DIR}/${FRAMEWORKS_FOLDER_PATH}/Realm.framework",
				"${TARGET_BUILD_DIR}/${FRAMEWORKS_FOLDER_PATH}/RealmSwift.framework",
				"${TARGET_BUILD_DIR}/${FRAMEWORKS_FOLDER_PATH}/RxCocoa.framework",
				"${TARGET_BUILD_DIR}/${FRAMEWORKS_FOLDER_PATH}/RxDataSources.framework",
				"${TARGET_BUILD_DIR}/${FRAMEWORKS_FOLDER_PATH}/RxRealm.framework",
				"${TARGET_BUILD_DIR}/${FRAMEWORKS_FOLDER_PATH}/RxRealmDataSources.framework",
				"${TARGET_BUILD_DIR}/${FRAMEWORKS_FOLDER_PATH}/RxSwift.framework",
				"${TARGET_BUILD_DIR}/${FRAMEWORKS_FOLDER_PATH}/ScanditBarcodeCapture.framework",
				"${TARGET_BUILD_DIR}/${FRAMEWORKS_FOLDER_PATH}/ScanditCaptureCore.framework",
				"${TARGET_BUILD_DIR}/${FRAMEWORKS_FOLDER_PATH}/SwiftyJSON.framework",
				"${TARGET_BUILD_DIR}/${FRAMEWORKS_FOLDER_PATH}/Zip.framework",
			);
			runOnlyForDeploymentPostprocessing = 0;
			shellPath = /bin/sh;
			shellScript = "\"${PODS_ROOT}/Target Support Files/Pods-AttendanceApp/Pods-AttendanceApp-frameworks.sh\"\n";
			showEnvVarsInLog = 0;
		};
/* End PBXShellScriptBuildPhase section */

/* Begin PBXSourcesBuildPhase section */
		7C592BE7242BC0D400294E71 /* Sources */ = {
			isa = PBXSourcesBuildPhase;
			buildActionMask = 2147483647;
			files = (
				7CFDEC5A242CD01A0060A2C7 /* BlocksFromJsonFileLoader.swift in Sources */,
				7CFDEC61242CD4E00060A2C7 /* SaveBlocksToRealmExplicitelyHelper.swift in Sources */,
				7CFDEC5F242CD47D0060A2C7 /* SaveRoomsToRealmExplicitelyHelper.swift in Sources */,
				7C592BF9242BC1C500294E71 /* RoomRepositoryTest.swift in Sources */,
				7CFDEC5C242CD0A20060A2C7 /* RoomsFromJsonFileLoader.swift in Sources */,
				7CFDEC4F242CB8190060A2C7 /* BlockRepositoryTest.swift in Sources */,
				7C640B64242C99BD004A9D58 /* JsonBundleDataProvider.swift in Sources */,
			);
			runOnlyForDeploymentPostprocessing = 0;
		};
		AD53A00D217B577400A3F9FC /* Sources */ = {
			isa = PBXSourcesBuildPhase;
			buildActionMask = 2147483647;
			files = (
				AD24E305217F74D8008E35F8 /* ReachabilityManager.swift in Sources */,
				7C4FE48D2297FF4D0064A491 /* DelegatesAPIController.swift in Sources */,
				AD697BD821887CCE002BC579 /* ResourcesState.swift in Sources */,
				7CFDEC53242CC1D00060A2C7 /* RealmRoomFactory.swift in Sources */,
				7CBDC28222D8A91100B7D43F /* BarcodeCaptureSettingsProviding.swift in Sources */,
				ADBCCB472180973E009D7753 /* AutoSelSessionViewModel.swift in Sources */,
				7CEC6744242B6B3600CC56FF /* BlockRepository.swift in Sources */,
				AD295224217B5B24002DDE32 /* RoomsVC.swift in Sources */,
				7CFDEC57242CC6DA0060A2C7 /* RealmRoom.swift in Sources */,
				AD5814AF2189B1AC009C593F /* RealmCodeReport.swift in Sources */,
				7C55BA62242AA43D005BF038 /* BlocksViewControllerFactory.swift in Sources */,
				AD295222217B5B24002DDE32 /* Model.swift in Sources */,
				AD29522D217B5EB0002DDE32 /* RoomViewModel.swift in Sources */,
				7CE63ACE22A86358008E477B /* ConfIdApiKeyAuthSupplying.swift in Sources */,
				7C55BA65242AB594005BF038 /* DatesViewControllerFactory.swift in Sources */,
				7CB1E44E22983107008C23F8 /* RealmDelegatesPersister.swift in Sources */,
				ADAE9C37218AFDB400615125 /* AlertWithRx.swift in Sources */,
				7CFDEC51242CBC240060A2C7 /* RealmBlockFactory.swift in Sources */,
				AD993AAF217B9D2000803BE2 /* BlocksVC.swift in Sources */,
				7CED41BC2268827700FFB34E /* CodeReport.swift in Sources */,
				7CC796E9242D06FB00ECD1E5 /* BlockFactory.swift in Sources */,
				AD295225217B5B24002DDE32 /* APIController.swift in Sources */,
				7CD3F7132428DC70001272D1 /* BarcodeCaptureSettingsProvider.swift in Sources */,
				7CB3DA58228C030600E29DA5 /* WebReportedCodesVC.swift in Sources */,
				AD6F49A521AFE6410085D730 /* UserSelectionManager.swift in Sources */,
				7CAA2A53243133FD00CA184F /* RoomProviderWorker.swift in Sources */,
				AD69BB6A2190948200EF80F9 /* UnsyncScansViewModel.swift in Sources */,
				7C93C9EA227CA65A00D44A52 /* AutoSessionTimer.swift in Sources */,
				AD993AB3217BAA8800803BE2 /* BlockViewModel.swift in Sources */,
				7CBDC28422D8C07700B7D43F /* ScanningImplementations.swift in Sources */,
				AD295223217B5B24002DDE32 /* AlwaysExtensions.swift in Sources */,
				7C93C9DF2276ED4E00D44A52 /* DatesVC.swift in Sources */,
				7C592BFB242BD32300294E71 /* IBlock.swift in Sources */,
				7CB1E453229832E5008C23F8 /* RealmBlock.swift in Sources */,
				7CB1E45522983331008C23F8 /* RealmDelegate.swift in Sources */,
				7CD2C829228D7CD9006DA60C /* JsonFromBundleParser.swift in Sources */,
				AD191487218EEFC000CD5B2F /* CodesDumper.swift in Sources */,
				AD191489218EF09300CD5B2F /* CodeReportState.swift in Sources */,
				7CE63ACC22A86324008E477B /* ConfIdApiKeyAuthState.swift in Sources */,
				AD80EFFC217DCE27003CEDD0 /* Block.swift in Sources */,
				7CB7D557225DF966007B9BB0 /* AppDelegate.swift in Sources */,
				7C55BA5A242A8DFB005BF038 /* SettingsJourney.swift in Sources */,
				7C55BA5D242A903D005BF038 /* RoomsViewControllerFactory.swift in Sources */,
				AD9FE5B421AEBA2C00D6A4B6 /* DeviceStateReporter.swift in Sources */,
				7CCAE51722AFD3A5006B9A92 /* RealmInvalidAttedanceReportPersister.swift in Sources */,
				7CC796E6242D022800ECD1E5 /* RoomFactory.swift in Sources */,
				7CBDC28722D8C8C000B7D43F /* ScanningProtocols.swift in Sources */,
				7C7F4FEE228B5AFC00379EBD /* WebReportedCode.swift in Sources */,
				7CD3F7112428DC0F001272D1 /* NavusLicenseBarcodeCaptureSettingsProvider.swift in Sources */,
				AD24E30C21807243008E35F8 /* ModelStructsAndNamespaces.swift in Sources */,
				ADA47212217F458D0078530E /* ScannerViewModel.swift in Sources */,
				AD993AB5217BC6C000803BE2 /* SettingsVC.swift in Sources */,
				AD4CC2DA21A5770A00222D5E /* Protocols.swift in Sources */,
				7CD6D5A722A555FB0077D80F /* SyncAPIKey.swift in Sources */,
				7CED41B9226881E700FFB34E /* SessionReport.swift in Sources */,
				ADB273A521807EFD00345A5E /* AutoSelectSessionsView.swift in Sources */,
				7CFDEC55242CC6C50060A2C7 /* IRoom.swift in Sources */,
				7CEC6746242B727F00CC56FF /* Date+Extension.swift in Sources */,
				7CD6D5A922A5A78A0077D80F /* ConferenceApiKeyState.swift in Sources */,
				AD697BD52188623A002BC579 /* GlobalVars.swift in Sources */,
				7C855DA4229C078A00E4C985 /* RealmDelegatesSessionValidation.swift in Sources */,
				AD80EFFE217DD87D003CEDD0 /* ScannerVC.swift in Sources */,
				7C55BA5F242A9076005BF038 /* MainStoryboardFactory.swift in Sources */,
				AD9FE5B221AEB17C00D6A4B6 /* BatteryStateManager.swift in Sources */,
				7CEC6742242B6B0800CC56FF /* RoomRepository.swift in Sources */,
				7CB1E44822982DC5008C23F8 /* Delegate.swift in Sources */,
				7CE8153B2273471200B33986 /* SoundManager.swift in Sources */,
				AD9FE5B621AEDE4700D6A4B6 /* AlertStateReporter.swift in Sources */,
				7CAA2A4C243131D400CA184F /* IBlockProvider.swift in Sources */,
				7CAA2A4E2431332200CA184F /* BlockProviderWorker.swift in Sources */,
				AD24E30A21806C4A008E35F8 /* WiFiConnectionView.swift in Sources */,
				AD80EFFA217DCDEA003CEDD0 /* Room.swift in Sources */,
				ADB2739F218078DD00345A5E /* UnsyncedScansView.swift in Sources */,
				7CAA2A512431337D00CA184F /* IRoomsProviderWorker.swift in Sources */,
				AD69206121A6AC0900E3C0F2 /* SettingsViewModel.swift in Sources */,
				AD4DCF02218EFFCF0054527E /* GlobalFuncs.swift in Sources */,
				AD80F002217DE65C003CEDD0 /* ModelData.swift in Sources */,
				7C93C9E1227704DC00D44A52 /* DatesViewModel.swift in Sources */,
				AD697BD221885AF2002BC579 /* RealmDataPersister.swift in Sources */,
				AD28F6F12182122200A41BB8 /* RxExtensions.swift in Sources */,
				7CD6D5AB22A5A8150077D80F /* DownloadResourcesState.swift in Sources */,
				AD2C3A1321B67D0F00E8A319 /* DataAccess.swift in Sources */,
			);
			runOnlyForDeploymentPostprocessing = 0;
		};
/* End PBXSourcesBuildPhase section */

/* Begin PBXTargetDependency section */
		7C592BF1242BC0D400294E71 /* PBXTargetDependency */ = {
			isa = PBXTargetDependency;
			target = AD53A010217B577400A3F9FC /* AttendanceApp */;
			targetProxy = 7C592BF0242BC0D400294E71 /* PBXContainerItemProxy */;
		};
/* End PBXTargetDependency section */

/* Begin XCBuildConfiguration section */
		7C592BF2242BC0D400294E71 /* Debug */ = {
			isa = XCBuildConfiguration;
			baseConfigurationReference = 4CDE23CC13BE03E3BB6C67F5 /* Pods-AttendanceAppUnitTests.debug.xcconfig */;
			buildSettings = {
				BUNDLE_LOADER = "$(TEST_HOST)";
				"CODE_SIGN_IDENTITY[sdk=macosx*]" = "Apple Development";
				CODE_SIGN_STYLE = Automatic;
				DEVELOPMENT_TEAM = UJZMY6T4V6;
				INFOPLIST_FILE = AttendanceAppUnitTests/Info.plist;
				IPHONEOS_DEPLOYMENT_TARGET = 9.1;
				LD_RUNPATH_SEARCH_PATHS = "$(inherited) @executable_path/Frameworks @loader_path/Frameworks";
				PRODUCT_BUNDLE_IDENTIFIER = ch.navus.AttendanceAppUnitTests;
				PRODUCT_NAME = "$(TARGET_NAME)";
				SWIFT_VERSION = 4.2;
				TARGETED_DEVICE_FAMILY = "1,2";
				TEST_HOST = "$(BUILT_PRODUCTS_DIR)/AttendanceApp.app/AttendanceApp";
			};
			name = Debug;
		};
		7C592BF3242BC0D400294E71 /* Release */ = {
			isa = XCBuildConfiguration;
			baseConfigurationReference = DB29C2528ED7B82B27229055 /* Pods-AttendanceAppUnitTests.release.xcconfig */;
			buildSettings = {
				BUNDLE_LOADER = "$(TEST_HOST)";
				"CODE_SIGN_IDENTITY[sdk=macosx*]" = "Apple Development";
				CODE_SIGN_STYLE = Automatic;
				DEVELOPMENT_TEAM = UJZMY6T4V6;
				INFOPLIST_FILE = AttendanceAppUnitTests/Info.plist;
				IPHONEOS_DEPLOYMENT_TARGET = 9.1;
				LD_RUNPATH_SEARCH_PATHS = "$(inherited) @executable_path/Frameworks @loader_path/Frameworks";
				PRODUCT_BUNDLE_IDENTIFIER = ch.navus.AttendanceAppUnitTests;
				PRODUCT_NAME = "$(TARGET_NAME)";
				SWIFT_VERSION = 4.2;
				TARGETED_DEVICE_FAMILY = "1,2";
				TEST_HOST = "$(BUILT_PRODUCTS_DIR)/AttendanceApp.app/AttendanceApp";
			};
			name = Release;
		};
		AD53A021217B577500A3F9FC /* Debug */ = {
			isa = XCBuildConfiguration;
			buildSettings = {
				ALWAYS_SEARCH_USER_PATHS = NO;
				CLANG_ANALYZER_NONNULL = YES;
				CLANG_ANALYZER_NUMBER_OBJECT_CONVERSION = YES_AGGRESSIVE;
				CLANG_CXX_LANGUAGE_STANDARD = "gnu++14";
				CLANG_CXX_LIBRARY = "libc++";
				CLANG_ENABLE_MODULES = YES;
				CLANG_ENABLE_OBJC_ARC = YES;
				CLANG_ENABLE_OBJC_WEAK = YES;
				CLANG_WARN_BLOCK_CAPTURE_AUTORELEASING = YES;
				CLANG_WARN_BOOL_CONVERSION = YES;
				CLANG_WARN_COMMA = YES;
				CLANG_WARN_CONSTANT_CONVERSION = YES;
				CLANG_WARN_DEPRECATED_OBJC_IMPLEMENTATIONS = YES;
				CLANG_WARN_DIRECT_OBJC_ISA_USAGE = YES_ERROR;
				CLANG_WARN_DOCUMENTATION_COMMENTS = YES;
				CLANG_WARN_EMPTY_BODY = YES;
				CLANG_WARN_ENUM_CONVERSION = YES;
				CLANG_WARN_INFINITE_RECURSION = YES;
				CLANG_WARN_INT_CONVERSION = YES;
				CLANG_WARN_NON_LITERAL_NULL_CONVERSION = YES;
				CLANG_WARN_OBJC_IMPLICIT_RETAIN_SELF = YES;
				CLANG_WARN_OBJC_LITERAL_CONVERSION = YES;
				CLANG_WARN_OBJC_ROOT_CLASS = YES_ERROR;
				CLANG_WARN_RANGE_LOOP_ANALYSIS = YES;
				CLANG_WARN_STRICT_PROTOTYPES = YES;
				CLANG_WARN_SUSPICIOUS_MOVE = YES;
				CLANG_WARN_UNGUARDED_AVAILABILITY = YES_AGGRESSIVE;
				CLANG_WARN_UNREACHABLE_CODE = YES;
				CLANG_WARN__DUPLICATE_METHOD_MATCH = YES;
				CODE_SIGN_IDENTITY = "iPhone Developer";
				COPY_PHASE_STRIP = NO;
				DEBUG_INFORMATION_FORMAT = dwarf;
				ENABLE_STRICT_OBJC_MSGSEND = YES;
				ENABLE_TESTABILITY = YES;
				GCC_C_LANGUAGE_STANDARD = gnu11;
				GCC_DYNAMIC_NO_PIC = NO;
				GCC_NO_COMMON_BLOCKS = YES;
				GCC_OPTIMIZATION_LEVEL = 0;
				GCC_PREPROCESSOR_DEFINITIONS = (
					"DEBUG=1",
					"$(inherited)",
				);
				GCC_WARN_64_TO_32_BIT_CONVERSION = YES;
				GCC_WARN_ABOUT_RETURN_TYPE = YES_ERROR;
				GCC_WARN_UNDECLARED_SELECTOR = YES;
				GCC_WARN_UNINITIALIZED_AUTOS = YES_AGGRESSIVE;
				GCC_WARN_UNUSED_FUNCTION = YES;
				GCC_WARN_UNUSED_VARIABLE = YES;
				IPHONEOS_DEPLOYMENT_TARGET = 9.1;
				MTL_ENABLE_DEBUG_INFO = INCLUDE_SOURCE;
				MTL_FAST_MATH = YES;
				ONLY_ACTIVE_ARCH = YES;
				SDKROOT = iphoneos;
				SWIFT_ACTIVE_COMPILATION_CONDITIONS = DEBUG;
				SWIFT_OPTIMIZATION_LEVEL = "-Onone";
			};
			name = Debug;
		};
		AD53A022217B577500A3F9FC /* Release */ = {
			isa = XCBuildConfiguration;
			buildSettings = {
				ALWAYS_SEARCH_USER_PATHS = NO;
				CLANG_ANALYZER_NONNULL = YES;
				CLANG_ANALYZER_NUMBER_OBJECT_CONVERSION = YES_AGGRESSIVE;
				CLANG_CXX_LANGUAGE_STANDARD = "gnu++14";
				CLANG_CXX_LIBRARY = "libc++";
				CLANG_ENABLE_MODULES = YES;
				CLANG_ENABLE_OBJC_ARC = YES;
				CLANG_ENABLE_OBJC_WEAK = YES;
				CLANG_WARN_BLOCK_CAPTURE_AUTORELEASING = YES;
				CLANG_WARN_BOOL_CONVERSION = YES;
				CLANG_WARN_COMMA = YES;
				CLANG_WARN_CONSTANT_CONVERSION = YES;
				CLANG_WARN_DEPRECATED_OBJC_IMPLEMENTATIONS = YES;
				CLANG_WARN_DIRECT_OBJC_ISA_USAGE = YES_ERROR;
				CLANG_WARN_DOCUMENTATION_COMMENTS = YES;
				CLANG_WARN_EMPTY_BODY = YES;
				CLANG_WARN_ENUM_CONVERSION = YES;
				CLANG_WARN_INFINITE_RECURSION = YES;
				CLANG_WARN_INT_CONVERSION = YES;
				CLANG_WARN_NON_LITERAL_NULL_CONVERSION = YES;
				CLANG_WARN_OBJC_IMPLICIT_RETAIN_SELF = YES;
				CLANG_WARN_OBJC_LITERAL_CONVERSION = YES;
				CLANG_WARN_OBJC_ROOT_CLASS = YES_ERROR;
				CLANG_WARN_RANGE_LOOP_ANALYSIS = YES;
				CLANG_WARN_STRICT_PROTOTYPES = YES;
				CLANG_WARN_SUSPICIOUS_MOVE = YES;
				CLANG_WARN_UNGUARDED_AVAILABILITY = YES_AGGRESSIVE;
				CLANG_WARN_UNREACHABLE_CODE = YES;
				CLANG_WARN__DUPLICATE_METHOD_MATCH = YES;
				CODE_SIGN_IDENTITY = "iPhone Developer";
				COPY_PHASE_STRIP = NO;
				DEBUG_INFORMATION_FORMAT = "dwarf-with-dsym";
				ENABLE_NS_ASSERTIONS = NO;
				ENABLE_STRICT_OBJC_MSGSEND = YES;
				GCC_C_LANGUAGE_STANDARD = gnu11;
				GCC_NO_COMMON_BLOCKS = YES;
				GCC_WARN_64_TO_32_BIT_CONVERSION = YES;
				GCC_WARN_ABOUT_RETURN_TYPE = YES_ERROR;
				GCC_WARN_UNDECLARED_SELECTOR = YES;
				GCC_WARN_UNINITIALIZED_AUTOS = YES_AGGRESSIVE;
				GCC_WARN_UNUSED_FUNCTION = YES;
				GCC_WARN_UNUSED_VARIABLE = YES;
				IPHONEOS_DEPLOYMENT_TARGET = 9.1;
				MTL_ENABLE_DEBUG_INFO = NO;
				MTL_FAST_MATH = YES;
				SDKROOT = iphoneos;
				SWIFT_OPTIMIZATION_LEVEL = "-Owholemodule";
				VALIDATE_PRODUCT = YES;
			};
			name = Release;
		};
		AD53A024217B577500A3F9FC /* Debug */ = {
			isa = XCBuildConfiguration;
			baseConfigurationReference = 5B4AC0EA4CAED87DD7474AA7 /* Pods-AttendanceApp.debug.xcconfig */;
			buildSettings = {
				ASSETCATALOG_COMPILER_APPICON_NAME = AppIcon;
				ASSETCATALOG_COMPILER_LAUNCHIMAGE_NAME = LaunchImage;
				CODE_SIGN_STYLE = Automatic;
				CURRENT_PROJECT_VERSION = 9;
				DEVELOPMENT_TEAM = UJZMY6T4V6;
				FRAMEWORK_SEARCH_PATHS = (
					"$(inherited)",
					"$(PROJECT_DIR)/ScanditSDK",
				);
				INFOPLIST_FILE = "$(SRCROOT)/AttendanceApp/Info.plist";
				IPHONEOS_DEPLOYMENT_TARGET = 9.1;
				LD_RUNPATH_SEARCH_PATHS = "$(inherited) @executable_path/Frameworks";
				PRODUCT_BUNDLE_IDENTIFIER = "ch.navus.Self-Scanning";
				PRODUCT_NAME = "$(TARGET_NAME)";
				SWIFT_VERSION = 4.2;
				TARGETED_DEVICE_FAMILY = "1,2";
			};
			name = Debug;
		};
		AD53A025217B577500A3F9FC /* Release */ = {
			isa = XCBuildConfiguration;
			baseConfigurationReference = EA4E16C46501ABC783E1A167 /* Pods-AttendanceApp.release.xcconfig */;
			buildSettings = {
				ASSETCATALOG_COMPILER_APPICON_NAME = AppIcon;
				ASSETCATALOG_COMPILER_LAUNCHIMAGE_NAME = LaunchImage;
				CODE_SIGN_STYLE = Automatic;
				CURRENT_PROJECT_VERSION = 9;
				DEVELOPMENT_TEAM = UJZMY6T4V6;
				FRAMEWORK_SEARCH_PATHS = (
					"$(inherited)",
					"$(PROJECT_DIR)/ScanditSDK",
				);
				INFOPLIST_FILE = "$(SRCROOT)/AttendanceApp/Info.plist";
				IPHONEOS_DEPLOYMENT_TARGET = 9.1;
				LD_RUNPATH_SEARCH_PATHS = "$(inherited) @executable_path/Frameworks";
				PRODUCT_BUNDLE_IDENTIFIER = "ch.navus.Self-Scanning";
				PRODUCT_NAME = "$(TARGET_NAME)";
				SWIFT_VERSION = 4.2;
				TARGETED_DEVICE_FAMILY = "1,2";
			};
			name = Release;
		};
/* End XCBuildConfiguration section */

/* Begin XCConfigurationList section */
		7C592BF4242BC0D400294E71 /* Build configuration list for PBXNativeTarget "AttendanceAppUnitTests" */ = {
			isa = XCConfigurationList;
			buildConfigurations = (
				7C592BF2242BC0D400294E71 /* Debug */,
				7C592BF3242BC0D400294E71 /* Release */,
			);
			defaultConfigurationIsVisible = 0;
			defaultConfigurationName = Release;
		};
		AD53A00C217B577400A3F9FC /* Build configuration list for PBXProject "AttendanceApp" */ = {
			isa = XCConfigurationList;
			buildConfigurations = (
				AD53A021217B577500A3F9FC /* Debug */,
				AD53A022217B577500A3F9FC /* Release */,
			);
			defaultConfigurationIsVisible = 0;
			defaultConfigurationName = Release;
		};
		AD53A023217B577500A3F9FC /* Build configuration list for PBXNativeTarget "AttendanceApp" */ = {
			isa = XCConfigurationList;
			buildConfigurations = (
				AD53A024217B577500A3F9FC /* Debug */,
				AD53A025217B577500A3F9FC /* Release */,
			);
			defaultConfigurationIsVisible = 0;
			defaultConfigurationName = Release;
		};
/* End XCConfigurationList section */
	};
	rootObject = AD53A009217B577400A3F9FC /* Project object */;
}
